// !$*UTF8*$!
{
	archiveVersion = 1;
	classes = {
	};
	objectVersion = 56;
	objects = {

/* Begin PBXBuildFile section */
		88083CE12B20C76A00B479EE /* App.swift in Sources */ = {isa = PBXBuildFile; fileRef = 88083CE02B20C76A00B479EE /* App.swift */; };
		88083CE52B20C76C00B479EE /* Assets.xcassets in Resources */ = {isa = PBXBuildFile; fileRef = 88083CE42B20C76C00B479EE /* Assets.xcassets */; };
		88083CE82B20C76C00B479EE /* Preview Assets.xcassets in Resources */ = {isa = PBXBuildFile; fileRef = 88083CE72B20C76C00B479EE /* Preview Assets.xcassets */; };
		88083CF22B20C76C00B479EE /* FilmFlowTests.swift in Sources */ = {isa = PBXBuildFile; fileRef = 88083CF12B20C76C00B479EE /* FilmFlowTests.swift */; };
		88083CFC2B20C76C00B479EE /* FilmFlowUITests.swift in Sources */ = {isa = PBXBuildFile; fileRef = 88083CFB2B20C76C00B479EE /* FilmFlowUITests.swift */; };
		88083CFE2B20C76C00B479EE /* FilmFlowUITestsLaunchTests.swift in Sources */ = {isa = PBXBuildFile; fileRef = 88083CFD2B20C76C00B479EE /* FilmFlowUITestsLaunchTests.swift */; };
		88083D2C2B20CB8F00B479EE /* HomeViewModel.swift in Sources */ = {isa = PBXBuildFile; fileRef = 88083D272B20CB8E00B479EE /* HomeViewModel.swift */; };
		88083D2D2B20CB8F00B479EE /* HomeDataManager.swift in Sources */ = {isa = PBXBuildFile; fileRef = 88083D282B20CB8E00B479EE /* HomeDataManager.swift */; };
		88083D2E2B20CB8F00B479EE /* HomeApiClient.swift in Sources */ = {isa = PBXBuildFile; fileRef = 88083D292B20CB8E00B479EE /* HomeApiClient.swift */; };
		88083D2F2B20CB8F00B479EE /* HomeView.swift in Sources */ = {isa = PBXBuildFile; fileRef = 88083D2A2B20CB8F00B479EE /* HomeView.swift */; };
		88083D302B20CB8F00B479EE /* HomeWireframe.swift in Sources */ = {isa = PBXBuildFile; fileRef = 88083D2B2B20CB8F00B479EE /* HomeWireframe.swift */; };
		88083D322B20CB9600B479EE /* MoviesResponse.swift in Sources */ = {isa = PBXBuildFile; fileRef = 88083D312B20CB9600B479EE /* MoviesResponse.swift */; };
		88083D382B20CBA200B479EE /* ProfileWireframe.swift in Sources */ = {isa = PBXBuildFile; fileRef = 88083D332B20CBA100B479EE /* ProfileWireframe.swift */; };
		88083D392B20CBA200B479EE /* ProfileView.swift in Sources */ = {isa = PBXBuildFile; fileRef = 88083D342B20CBA100B479EE /* ProfileView.swift */; };
		88083D3A2B20CBA200B479EE /* ProfileAPIClient.swift in Sources */ = {isa = PBXBuildFile; fileRef = 88083D352B20CBA100B479EE /* ProfileAPIClient.swift */; };
		88083D3B2B20CBA200B479EE /* ProfileDataManager.swift in Sources */ = {isa = PBXBuildFile; fileRef = 88083D362B20CBA200B479EE /* ProfileDataManager.swift */; };
		88083D3C2B20CBA200B479EE /* ProfileViewModel.swift in Sources */ = {isa = PBXBuildFile; fileRef = 88083D372B20CBA200B479EE /* ProfileViewModel.swift */; };
		88083D3F2B20CBC400B479EE /* Alamofire in Frameworks */ = {isa = PBXBuildFile; productRef = 88083D3E2B20CBC400B479EE /* Alamofire */; };
		88083D422B20CD1F00B479EE /* AppDelegate.swift in Sources */ = {isa = PBXBuildFile; fileRef = 88083D412B20CD1F00B479EE /* AppDelegate.swift */; };
		88083D442B20CD4600B479EE /* Enviroment.swift in Sources */ = {isa = PBXBuildFile; fileRef = 88083D432B20CD4600B479EE /* Enviroment.swift */; };
		88083D462B20CD5C00B479EE /* Endpoints.swift in Sources */ = {isa = PBXBuildFile; fileRef = 88083D452B20CD5C00B479EE /* Endpoints.swift */; };
		88083D492B20CE0D00B479EE /* Config.plist in Resources */ = {isa = PBXBuildFile; fileRef = 88083D472B20CDE100B479EE /* Config.plist */; };
		88083D4B2B20CE2A00B479EE /* BaseApiClient.swift in Sources */ = {isa = PBXBuildFile; fileRef = 88083D4A2B20CE2A00B479EE /* BaseApiClient.swift */; };
		88083D4D2B20CE3500B479EE /* BaseError.swift in Sources */ = {isa = PBXBuildFile; fileRef = 88083D4C2B20CE3500B479EE /* BaseError.swift */; };
		88083D4F2B20CE4100B479EE /* APIError.swift in Sources */ = {isa = PBXBuildFile; fileRef = 88083D4E2B20CE4100B479EE /* APIError.swift */; };
		88083D5A2B20CEE800B479EE /* NavigationRouter+PrivateHelpers.swift in Sources */ = {isa = PBXBuildFile; fileRef = 88083D532B20CEE800B479EE /* NavigationRouter+PrivateHelpers.swift */; };
		88083D5B2B20CEE800B479EE /* NavigationRouter+PathMatcher.swift in Sources */ = {isa = PBXBuildFile; fileRef = 88083D542B20CEE800B479EE /* NavigationRouter+PathMatcher.swift */; };
		88083D5C2B20CEE800B479EE /* NavigationRouter.swift in Sources */ = {isa = PBXBuildFile; fileRef = 88083D552B20CEE800B479EE /* NavigationRouter.swift */; };
		88083D5D2B20CEE800B479EE /* NavigationRouter+ErrorHandling.swift in Sources */ = {isa = PBXBuildFile; fileRef = 88083D562B20CEE800B479EE /* NavigationRouter+ErrorHandling.swift */; };
		88083D5E2B20CEE800B479EE /* NavigationRouter+NavigationInterception.swift in Sources */ = {isa = PBXBuildFile; fileRef = 88083D572B20CEE800B479EE /* NavigationRouter+NavigationInterception.swift */; };
		88083D5F2B20CEE800B479EE /* NavigationRouter+NavigationHandling.swift in Sources */ = {isa = PBXBuildFile; fileRef = 88083D582B20CEE800B479EE /* NavigationRouter+NavigationHandling.swift */; };
		88083D602B20CEE800B479EE /* PathMatcher.swift in Sources */ = {isa = PBXBuildFile; fileRef = 88083D592B20CEE800B479EE /* PathMatcher.swift */; };
		88083D652B20CF6D00B479EE /* RouterAuthenticationHandler.swift in Sources */ = {isa = PBXBuildFile; fileRef = 88083D612B20CF6D00B479EE /* RouterAuthenticationHandler.swift */; };
		88083D662B20CF6D00B479EE /* RouterErrorHandler.swift in Sources */ = {isa = PBXBuildFile; fileRef = 88083D622B20CF6D00B479EE /* RouterErrorHandler.swift */; };
		88083D672B20CF6D00B479EE /* RoutableViewModel.swift in Sources */ = {isa = PBXBuildFile; fileRef = 88083D632B20CF6D00B479EE /* RoutableViewModel.swift */; };
		88083D682B20CF6D00B479EE /* RoutableView.swift in Sources */ = {isa = PBXBuildFile; fileRef = 88083D642B20CF6D00B479EE /* RoutableView.swift */; };
		88083D6B2B20CF7400B479EE /* Notification+Name.swift in Sources */ = {isa = PBXBuildFile; fileRef = 88083D692B20CF7400B479EE /* Notification+Name.swift */; };
		88083D6C2B20CF7400B479EE /* View+UIHostingController.swift in Sources */ = {isa = PBXBuildFile; fileRef = 88083D6A2B20CF7400B479EE /* View+UIHostingController.swift */; };
		88083D6E2B20CF7B00B479EE /* NavigationRoute.swift in Sources */ = {isa = PBXBuildFile; fileRef = 88083D6D2B20CF7B00B479EE /* NavigationRoute.swift */; };
		88083D702B20CF8300B479EE /* TransitionAnimation.swift in Sources */ = {isa = PBXBuildFile; fileRef = 88083D6F2B20CF8200B479EE /* TransitionAnimation.swift */; };
		88083D782B20D0CB00B479EE /* TransitionOptions.swift in Sources */ = {isa = PBXBuildFile; fileRef = 88083D762B20D0CB00B479EE /* TransitionOptions.swift */; };
		88083D792B20D0CB00B479EE /* String+Utils.swift in Sources */ = {isa = PBXBuildFile; fileRef = 88083D772B20D0CB00B479EE /* String+Utils.swift */; };
		88083D7F2B20D0D300B479EE /* LayoutSpacing.swift in Sources */ = {isa = PBXBuildFile; fileRef = 88083D7A2B20D0D300B479EE /* LayoutSpacing.swift */; };
		88083D802B20D0D300B479EE /* Text+Style.swift in Sources */ = {isa = PBXBuildFile; fileRef = 88083D7B2B20D0D300B479EE /* Text+Style.swift */; };
		88083D812B20D0D300B479EE /* IconName+Style.swift in Sources */ = {isa = PBXBuildFile; fileRef = 88083D7C2B20D0D300B479EE /* IconName+Style.swift */; };
		88083D822B20D0D300B479EE /* Colors+Style.swift in Sources */ = {isa = PBXBuildFile; fileRef = 88083D7D2B20D0D300B479EE /* Colors+Style.swift */; };
		88083D832B20D0D300B479EE /* Font+Style.swift in Sources */ = {isa = PBXBuildFile; fileRef = 88083D7E2B20D0D300B479EE /* Font+Style.swift */; };
		88083D862B20D0DC00B479EE /* OLAText.swift in Sources */ = {isa = PBXBuildFile; fileRef = 88083D842B20D0DC00B479EE /* OLAText.swift */; };
		88083D872B20D0DC00B479EE /* OLAIcon.swift in Sources */ = {isa = PBXBuildFile; fileRef = 88083D852B20D0DC00B479EE /* OLAIcon.swift */; };
		88083D902B20D0E300B479EE /* OLALinkButton.swift in Sources */ = {isa = PBXBuildFile; fileRef = 88083D882B20D0E300B479EE /* OLALinkButton.swift */; };
		88083D912B20D0E300B479EE /* OLAFloatingButton.swift in Sources */ = {isa = PBXBuildFile; fileRef = 88083D892B20D0E300B479EE /* OLAFloatingButton.swift */; };
		88083D922B20D0E300B479EE /* OLABiometricsButton.swift in Sources */ = {isa = PBXBuildFile; fileRef = 88083D8A2B20D0E300B479EE /* OLABiometricsButton.swift */; };
		88083D932B20D0E300B479EE /* OLAButton.swift in Sources */ = {isa = PBXBuildFile; fileRef = 88083D8B2B20D0E300B479EE /* OLAButton.swift */; };
		88083D942B20D0E300B479EE /* OLARoundedButton.swift in Sources */ = {isa = PBXBuildFile; fileRef = 88083D8C2B20D0E300B479EE /* OLARoundedButton.swift */; };
		88083D952B20D0E300B479EE /* OLALocationFloatingButton.swift in Sources */ = {isa = PBXBuildFile; fileRef = 88083D8D2B20D0E300B479EE /* OLALocationFloatingButton.swift */; };
		88083D962B20D0E300B479EE /* OLAMotionButton.swift in Sources */ = {isa = PBXBuildFile; fileRef = 88083D8E2B20D0E300B479EE /* OLAMotionButton.swift */; };
		88083D972B20D0E300B479EE /* OLAStateRoundButton.swift in Sources */ = {isa = PBXBuildFile; fileRef = 88083D8F2B20D0E300B479EE /* OLAStateRoundButton.swift */; };
		88083D9E2B21D56100B479EE /* SplashAPIClient.swift in Sources */ = {isa = PBXBuildFile; fileRef = 88083D992B21D56100B479EE /* SplashAPIClient.swift */; };
		88083D9F2B21D56100B479EE /* SplashView.swift in Sources */ = {isa = PBXBuildFile; fileRef = 88083D9A2B21D56100B479EE /* SplashView.swift */; };
		88083DA02B21D56100B479EE /* SplashViewModel.swift in Sources */ = {isa = PBXBuildFile; fileRef = 88083D9B2B21D56100B479EE /* SplashViewModel.swift */; };
		88083DA12B21D56100B479EE /* SplashDataManager.swift in Sources */ = {isa = PBXBuildFile; fileRef = 88083D9C2B21D56100B479EE /* SplashDataManager.swift */; };
		88083DA22B21D56100B479EE /* SplashWireframe.swift in Sources */ = {isa = PBXBuildFile; fileRef = 88083D9D2B21D56100B479EE /* SplashWireframe.swift */; };
		88083DB02B21DD2100B479EE /* Lottie in Frameworks */ = {isa = PBXBuildFile; productRef = 88083DAF2B21DD2100B479EE /* Lottie */; };
		88083DB32B21DD5900B479EE /* splash.json in Resources */ = {isa = PBXBuildFile; fileRef = 88083DB22B21DD5900B479EE /* splash.json */; };
		88083DB62B21DDDF00B479EE /* LottieView.swift in Sources */ = {isa = PBXBuildFile; fileRef = 88083DB52B21DDDF00B479EE /* LottieView.swift */; };
		88E0E2212B23192F002113DE /* ChangeAccountAPIClient.swift in Sources */ = {isa = PBXBuildFile; fileRef = 88E0E21C2B23192F002113DE /* ChangeAccountAPIClient.swift */; };
		88E0E2222B23192F002113DE /* ChangeAccountView.swift in Sources */ = {isa = PBXBuildFile; fileRef = 88E0E21D2B23192F002113DE /* ChangeAccountView.swift */; };
		88E0E2232B23192F002113DE /* ChangeAccountViewModel.swift in Sources */ = {isa = PBXBuildFile; fileRef = 88E0E21E2B23192F002113DE /* ChangeAccountViewModel.swift */; };
		88E0E2242B23192F002113DE /* ChangeAccountDataManager.swift in Sources */ = {isa = PBXBuildFile; fileRef = 88E0E21F2B23192F002113DE /* ChangeAccountDataManager.swift */; };
		88E0E2252B23192F002113DE /* ChangeAccountWireframe.swift in Sources */ = {isa = PBXBuildFile; fileRef = 88E0E2202B23192F002113DE /* ChangeAccountWireframe.swift */; };
		88E0E2272B232784002113DE /* OLAImage.swift in Sources */ = {isa = PBXBuildFile; fileRef = 88E0E2262B232784002113DE /* OLAImage.swift */; };
		88E0E22A2B232D5C002113DE /* UserChangeAccount.swift in Sources */ = {isa = PBXBuildFile; fileRef = 88E0E2292B232D5C002113DE /* UserChangeAccount.swift */; };
		88E0E22C2B233214002113DE /* LaunchScreen.storyboard in Resources */ = {isa = PBXBuildFile; fileRef = 88E0E22B2B233214002113DE /* LaunchScreen.storyboard */; };
		88E0E2302B271E66002113DE /* AccountCell.swift in Sources */ = {isa = PBXBuildFile; fileRef = 88E0E22F2B271E66002113DE /* AccountCell.swift */; };
		88E0E23C2B272DB5002113DE /* Theme.swift in Sources */ = {isa = PBXBuildFile; fileRef = 88E0E23B2B272DB5002113DE /* Theme.swift */; };
		88E0E2422B2733D0002113DE /* UIFont+Register.swift in Sources */ = {isa = PBXBuildFile; fileRef = 88E0E2412B2733D0002113DE /* UIFont+Register.swift */; };
		88E0E2442B2739FA002113DE /* View+Modifiers.swift in Sources */ = {isa = PBXBuildFile; fileRef = 88E0E2432B2739FA002113DE /* View+Modifiers.swift */; };
		88E0E2462B27A38C002113DE /* Roboto-Regular.ttf in Resources */ = {isa = PBXBuildFile; fileRef = 88E0E2452B27A38C002113DE /* Roboto-Regular.ttf */; };
		88E0E2482B27A421002113DE /* Roboto-Bold.ttf in Resources */ = {isa = PBXBuildFile; fileRef = 88E0E2472B27A421002113DE /* Roboto-Bold.ttf */; };
		88E0E24A2B27A42D002113DE /* Roboto-Medium.ttf in Resources */ = {isa = PBXBuildFile; fileRef = 88E0E2492B27A42D002113DE /* Roboto-Medium.ttf */; };
/* End PBXBuildFile section */

/* Begin PBXContainerItemProxy section */
		88083CEE2B20C76C00B479EE /* PBXContainerItemProxy */ = {
			isa = PBXContainerItemProxy;
			containerPortal = 88083CD52B20C76A00B479EE /* Project object */;
			proxyType = 1;
			remoteGlobalIDString = 88083CDC2B20C76A00B479EE;
			remoteInfo = FilmFlow;
		};
		88083CF82B20C76C00B479EE /* PBXContainerItemProxy */ = {
			isa = PBXContainerItemProxy;
			containerPortal = 88083CD52B20C76A00B479EE /* Project object */;
			proxyType = 1;
			remoteGlobalIDString = 88083CDC2B20C76A00B479EE;
			remoteInfo = FilmFlow;
		};
/* End PBXContainerItemProxy section */

/* Begin PBXFileReference section */
		88083CDD2B20C76A00B479EE /* FilmFlow.app */ = {isa = PBXFileReference; explicitFileType = wrapper.application; includeInIndex = 0; path = FilmFlow.app; sourceTree = BUILT_PRODUCTS_DIR; };
		88083CE02B20C76A00B479EE /* App.swift */ = {isa = PBXFileReference; lastKnownFileType = sourcecode.swift; path = App.swift; sourceTree = "<group>"; };
		88083CE42B20C76C00B479EE /* Assets.xcassets */ = {isa = PBXFileReference; lastKnownFileType = folder.assetcatalog; path = Assets.xcassets; sourceTree = "<group>"; };
		88083CE72B20C76C00B479EE /* Preview Assets.xcassets */ = {isa = PBXFileReference; lastKnownFileType = folder.assetcatalog; path = "Preview Assets.xcassets"; sourceTree = "<group>"; };
		88083CED2B20C76C00B479EE /* FilmFlowTests.xctest */ = {isa = PBXFileReference; explicitFileType = wrapper.cfbundle; includeInIndex = 0; path = FilmFlowTests.xctest; sourceTree = BUILT_PRODUCTS_DIR; };
		88083CF12B20C76C00B479EE /* FilmFlowTests.swift */ = {isa = PBXFileReference; lastKnownFileType = sourcecode.swift; path = FilmFlowTests.swift; sourceTree = "<group>"; };
		88083CF72B20C76C00B479EE /* FilmFlowUITests.xctest */ = {isa = PBXFileReference; explicitFileType = wrapper.cfbundle; includeInIndex = 0; path = FilmFlowUITests.xctest; sourceTree = BUILT_PRODUCTS_DIR; };
		88083CFB2B20C76C00B479EE /* FilmFlowUITests.swift */ = {isa = PBXFileReference; lastKnownFileType = sourcecode.swift; path = FilmFlowUITests.swift; sourceTree = "<group>"; };
		88083CFD2B20C76C00B479EE /* FilmFlowUITestsLaunchTests.swift */ = {isa = PBXFileReference; lastKnownFileType = sourcecode.swift; path = FilmFlowUITestsLaunchTests.swift; sourceTree = "<group>"; };
		88083D272B20CB8E00B479EE /* HomeViewModel.swift */ = {isa = PBXFileReference; fileEncoding = 4; lastKnownFileType = sourcecode.swift; path = HomeViewModel.swift; sourceTree = "<group>"; };
		88083D282B20CB8E00B479EE /* HomeDataManager.swift */ = {isa = PBXFileReference; fileEncoding = 4; lastKnownFileType = sourcecode.swift; path = HomeDataManager.swift; sourceTree = "<group>"; };
		88083D292B20CB8E00B479EE /* HomeApiClient.swift */ = {isa = PBXFileReference; fileEncoding = 4; lastKnownFileType = sourcecode.swift; path = HomeApiClient.swift; sourceTree = "<group>"; };
		88083D2A2B20CB8F00B479EE /* HomeView.swift */ = {isa = PBXFileReference; fileEncoding = 4; lastKnownFileType = sourcecode.swift; path = HomeView.swift; sourceTree = "<group>"; };
		88083D2B2B20CB8F00B479EE /* HomeWireframe.swift */ = {isa = PBXFileReference; fileEncoding = 4; lastKnownFileType = sourcecode.swift; path = HomeWireframe.swift; sourceTree = "<group>"; };
		88083D312B20CB9600B479EE /* MoviesResponse.swift */ = {isa = PBXFileReference; fileEncoding = 4; lastKnownFileType = sourcecode.swift; path = MoviesResponse.swift; sourceTree = "<group>"; };
		88083D332B20CBA100B479EE /* ProfileWireframe.swift */ = {isa = PBXFileReference; fileEncoding = 4; lastKnownFileType = sourcecode.swift; path = ProfileWireframe.swift; sourceTree = "<group>"; };
		88083D342B20CBA100B479EE /* ProfileView.swift */ = {isa = PBXFileReference; fileEncoding = 4; lastKnownFileType = sourcecode.swift; path = ProfileView.swift; sourceTree = "<group>"; };
		88083D352B20CBA100B479EE /* ProfileAPIClient.swift */ = {isa = PBXFileReference; fileEncoding = 4; lastKnownFileType = sourcecode.swift; path = ProfileAPIClient.swift; sourceTree = "<group>"; };
		88083D362B20CBA200B479EE /* ProfileDataManager.swift */ = {isa = PBXFileReference; fileEncoding = 4; lastKnownFileType = sourcecode.swift; path = ProfileDataManager.swift; sourceTree = "<group>"; };
		88083D372B20CBA200B479EE /* ProfileViewModel.swift */ = {isa = PBXFileReference; fileEncoding = 4; lastKnownFileType = sourcecode.swift; path = ProfileViewModel.swift; sourceTree = "<group>"; };
		88083D412B20CD1F00B479EE /* AppDelegate.swift */ = {isa = PBXFileReference; lastKnownFileType = sourcecode.swift; path = AppDelegate.swift; sourceTree = "<group>"; };
		88083D432B20CD4600B479EE /* Enviroment.swift */ = {isa = PBXFileReference; lastKnownFileType = sourcecode.swift; path = Enviroment.swift; sourceTree = "<group>"; };
		88083D452B20CD5C00B479EE /* Endpoints.swift */ = {isa = PBXFileReference; lastKnownFileType = sourcecode.swift; path = Endpoints.swift; sourceTree = "<group>"; };
		88083D472B20CDE100B479EE /* Config.plist */ = {isa = PBXFileReference; fileEncoding = 4; lastKnownFileType = text.plist.xml; path = Config.plist; sourceTree = "<group>"; };
		88083D4A2B20CE2A00B479EE /* BaseApiClient.swift */ = {isa = PBXFileReference; lastKnownFileType = sourcecode.swift; path = BaseApiClient.swift; sourceTree = "<group>"; };
		88083D4C2B20CE3500B479EE /* BaseError.swift */ = {isa = PBXFileReference; lastKnownFileType = sourcecode.swift; path = BaseError.swift; sourceTree = "<group>"; };
		88083D4E2B20CE4100B479EE /* APIError.swift */ = {isa = PBXFileReference; lastKnownFileType = sourcecode.swift; path = APIError.swift; sourceTree = "<group>"; };
		88083D532B20CEE800B479EE /* NavigationRouter+PrivateHelpers.swift */ = {isa = PBXFileReference; fileEncoding = 4; lastKnownFileType = sourcecode.swift; path = "NavigationRouter+PrivateHelpers.swift"; sourceTree = "<group>"; };
		88083D542B20CEE800B479EE /* NavigationRouter+PathMatcher.swift */ = {isa = PBXFileReference; fileEncoding = 4; lastKnownFileType = sourcecode.swift; path = "NavigationRouter+PathMatcher.swift"; sourceTree = "<group>"; };
		88083D552B20CEE800B479EE /* NavigationRouter.swift */ = {isa = PBXFileReference; fileEncoding = 4; lastKnownFileType = sourcecode.swift; path = NavigationRouter.swift; sourceTree = "<group>"; };
		88083D562B20CEE800B479EE /* NavigationRouter+ErrorHandling.swift */ = {isa = PBXFileReference; fileEncoding = 4; lastKnownFileType = sourcecode.swift; path = "NavigationRouter+ErrorHandling.swift"; sourceTree = "<group>"; };
		88083D572B20CEE800B479EE /* NavigationRouter+NavigationInterception.swift */ = {isa = PBXFileReference; fileEncoding = 4; lastKnownFileType = sourcecode.swift; path = "NavigationRouter+NavigationInterception.swift"; sourceTree = "<group>"; };
		88083D582B20CEE800B479EE /* NavigationRouter+NavigationHandling.swift */ = {isa = PBXFileReference; fileEncoding = 4; lastKnownFileType = sourcecode.swift; path = "NavigationRouter+NavigationHandling.swift"; sourceTree = "<group>"; };
		88083D592B20CEE800B479EE /* PathMatcher.swift */ = {isa = PBXFileReference; fileEncoding = 4; lastKnownFileType = sourcecode.swift; path = PathMatcher.swift; sourceTree = "<group>"; };
		88083D612B20CF6D00B479EE /* RouterAuthenticationHandler.swift */ = {isa = PBXFileReference; fileEncoding = 4; lastKnownFileType = sourcecode.swift; path = RouterAuthenticationHandler.swift; sourceTree = "<group>"; };
		88083D622B20CF6D00B479EE /* RouterErrorHandler.swift */ = {isa = PBXFileReference; fileEncoding = 4; lastKnownFileType = sourcecode.swift; path = RouterErrorHandler.swift; sourceTree = "<group>"; };
		88083D632B20CF6D00B479EE /* RoutableViewModel.swift */ = {isa = PBXFileReference; fileEncoding = 4; lastKnownFileType = sourcecode.swift; path = RoutableViewModel.swift; sourceTree = "<group>"; };
		88083D642B20CF6D00B479EE /* RoutableView.swift */ = {isa = PBXFileReference; fileEncoding = 4; lastKnownFileType = sourcecode.swift; path = RoutableView.swift; sourceTree = "<group>"; };
		88083D692B20CF7400B479EE /* Notification+Name.swift */ = {isa = PBXFileReference; fileEncoding = 4; lastKnownFileType = sourcecode.swift; path = "Notification+Name.swift"; sourceTree = "<group>"; };
		88083D6A2B20CF7400B479EE /* View+UIHostingController.swift */ = {isa = PBXFileReference; fileEncoding = 4; lastKnownFileType = sourcecode.swift; path = "View+UIHostingController.swift"; sourceTree = "<group>"; };
		88083D6D2B20CF7B00B479EE /* NavigationRoute.swift */ = {isa = PBXFileReference; fileEncoding = 4; lastKnownFileType = sourcecode.swift; path = NavigationRoute.swift; sourceTree = "<group>"; };
		88083D6F2B20CF8200B479EE /* TransitionAnimation.swift */ = {isa = PBXFileReference; fileEncoding = 4; lastKnownFileType = sourcecode.swift; path = TransitionAnimation.swift; sourceTree = "<group>"; };
		88083D762B20D0CB00B479EE /* TransitionOptions.swift */ = {isa = PBXFileReference; fileEncoding = 4; lastKnownFileType = sourcecode.swift; path = TransitionOptions.swift; sourceTree = "<group>"; };
		88083D772B20D0CB00B479EE /* String+Utils.swift */ = {isa = PBXFileReference; fileEncoding = 4; lastKnownFileType = sourcecode.swift; path = "String+Utils.swift"; sourceTree = "<group>"; };
		88083D7A2B20D0D300B479EE /* LayoutSpacing.swift */ = {isa = PBXFileReference; fileEncoding = 4; lastKnownFileType = sourcecode.swift; path = LayoutSpacing.swift; sourceTree = "<group>"; };
		88083D7B2B20D0D300B479EE /* Text+Style.swift */ = {isa = PBXFileReference; fileEncoding = 4; lastKnownFileType = sourcecode.swift; path = "Text+Style.swift"; sourceTree = "<group>"; };
		88083D7C2B20D0D300B479EE /* IconName+Style.swift */ = {isa = PBXFileReference; fileEncoding = 4; lastKnownFileType = sourcecode.swift; path = "IconName+Style.swift"; sourceTree = "<group>"; };
		88083D7D2B20D0D300B479EE /* Colors+Style.swift */ = {isa = PBXFileReference; fileEncoding = 4; lastKnownFileType = sourcecode.swift; path = "Colors+Style.swift"; sourceTree = "<group>"; };
		88083D7E2B20D0D300B479EE /* Font+Style.swift */ = {isa = PBXFileReference; fileEncoding = 4; lastKnownFileType = sourcecode.swift; path = "Font+Style.swift"; sourceTree = "<group>"; };
		88083D842B20D0DC00B479EE /* OLAText.swift */ = {isa = PBXFileReference; fileEncoding = 4; lastKnownFileType = sourcecode.swift; path = OLAText.swift; sourceTree = "<group>"; };
		88083D852B20D0DC00B479EE /* OLAIcon.swift */ = {isa = PBXFileReference; fileEncoding = 4; lastKnownFileType = sourcecode.swift; path = OLAIcon.swift; sourceTree = "<group>"; };
		88083D882B20D0E300B479EE /* OLALinkButton.swift */ = {isa = PBXFileReference; fileEncoding = 4; lastKnownFileType = sourcecode.swift; path = OLALinkButton.swift; sourceTree = "<group>"; };
		88083D892B20D0E300B479EE /* OLAFloatingButton.swift */ = {isa = PBXFileReference; fileEncoding = 4; lastKnownFileType = sourcecode.swift; path = OLAFloatingButton.swift; sourceTree = "<group>"; };
		88083D8A2B20D0E300B479EE /* OLABiometricsButton.swift */ = {isa = PBXFileReference; fileEncoding = 4; lastKnownFileType = sourcecode.swift; path = OLABiometricsButton.swift; sourceTree = "<group>"; };
		88083D8B2B20D0E300B479EE /* OLAButton.swift */ = {isa = PBXFileReference; fileEncoding = 4; lastKnownFileType = sourcecode.swift; path = OLAButton.swift; sourceTree = "<group>"; };
		88083D8C2B20D0E300B479EE /* OLARoundedButton.swift */ = {isa = PBXFileReference; fileEncoding = 4; lastKnownFileType = sourcecode.swift; path = OLARoundedButton.swift; sourceTree = "<group>"; };
		88083D8D2B20D0E300B479EE /* OLALocationFloatingButton.swift */ = {isa = PBXFileReference; fileEncoding = 4; lastKnownFileType = sourcecode.swift; path = OLALocationFloatingButton.swift; sourceTree = "<group>"; };
		88083D8E2B20D0E300B479EE /* OLAMotionButton.swift */ = {isa = PBXFileReference; fileEncoding = 4; lastKnownFileType = sourcecode.swift; path = OLAMotionButton.swift; sourceTree = "<group>"; };
		88083D8F2B20D0E300B479EE /* OLAStateRoundButton.swift */ = {isa = PBXFileReference; fileEncoding = 4; lastKnownFileType = sourcecode.swift; path = OLAStateRoundButton.swift; sourceTree = "<group>"; };
		88083D992B21D56100B479EE /* SplashAPIClient.swift */ = {isa = PBXFileReference; lastKnownFileType = sourcecode.swift; path = SplashAPIClient.swift; sourceTree = "<group>"; };
		88083D9A2B21D56100B479EE /* SplashView.swift */ = {isa = PBXFileReference; lastKnownFileType = sourcecode.swift; path = SplashView.swift; sourceTree = "<group>"; };
		88083D9B2B21D56100B479EE /* SplashViewModel.swift */ = {isa = PBXFileReference; lastKnownFileType = sourcecode.swift; path = SplashViewModel.swift; sourceTree = "<group>"; };
		88083D9C2B21D56100B479EE /* SplashDataManager.swift */ = {isa = PBXFileReference; lastKnownFileType = sourcecode.swift; path = SplashDataManager.swift; sourceTree = "<group>"; };
		88083D9D2B21D56100B479EE /* SplashWireframe.swift */ = {isa = PBXFileReference; lastKnownFileType = sourcecode.swift; path = SplashWireframe.swift; sourceTree = "<group>"; };
		88083DB22B21DD5900B479EE /* splash.json */ = {isa = PBXFileReference; fileEncoding = 4; lastKnownFileType = text.json; path = splash.json; sourceTree = "<group>"; };
		88083DB52B21DDDF00B479EE /* LottieView.swift */ = {isa = PBXFileReference; lastKnownFileType = sourcecode.swift; path = LottieView.swift; sourceTree = "<group>"; };
		88E0E21C2B23192F002113DE /* ChangeAccountAPIClient.swift */ = {isa = PBXFileReference; lastKnownFileType = sourcecode.swift; path = ChangeAccountAPIClient.swift; sourceTree = "<group>"; };
		88E0E21D2B23192F002113DE /* ChangeAccountView.swift */ = {isa = PBXFileReference; lastKnownFileType = sourcecode.swift; path = ChangeAccountView.swift; sourceTree = "<group>"; };
		88E0E21E2B23192F002113DE /* ChangeAccountViewModel.swift */ = {isa = PBXFileReference; lastKnownFileType = sourcecode.swift; path = ChangeAccountViewModel.swift; sourceTree = "<group>"; };
		88E0E21F2B23192F002113DE /* ChangeAccountDataManager.swift */ = {isa = PBXFileReference; lastKnownFileType = sourcecode.swift; path = ChangeAccountDataManager.swift; sourceTree = "<group>"; };
		88E0E2202B23192F002113DE /* ChangeAccountWireframe.swift */ = {isa = PBXFileReference; lastKnownFileType = sourcecode.swift; path = ChangeAccountWireframe.swift; sourceTree = "<group>"; };
		88E0E2262B232784002113DE /* OLAImage.swift */ = {isa = PBXFileReference; lastKnownFileType = sourcecode.swift; path = OLAImage.swift; sourceTree = "<group>"; };
		88E0E2292B232D5C002113DE /* UserChangeAccount.swift */ = {isa = PBXFileReference; lastKnownFileType = sourcecode.swift; path = UserChangeAccount.swift; sourceTree = "<group>"; };
		88E0E22B2B233214002113DE /* LaunchScreen.storyboard */ = {isa = PBXFileReference; lastKnownFileType = file.storyboard; path = LaunchScreen.storyboard; sourceTree = "<group>"; };
		88E0E22D2B23324E002113DE /* Info.plist */ = {isa = PBXFileReference; lastKnownFileType = text.plist; path = Info.plist; sourceTree = "<group>"; };
		88E0E22F2B271E66002113DE /* AccountCell.swift */ = {isa = PBXFileReference; lastKnownFileType = sourcecode.swift; path = AccountCell.swift; sourceTree = "<group>"; };
		88E0E23B2B272DB5002113DE /* Theme.swift */ = {isa = PBXFileReference; lastKnownFileType = sourcecode.swift; path = Theme.swift; sourceTree = "<group>"; };
		88E0E2412B2733D0002113DE /* UIFont+Register.swift */ = {isa = PBXFileReference; lastKnownFileType = sourcecode.swift; path = "UIFont+Register.swift"; sourceTree = "<group>"; };
		88E0E2432B2739FA002113DE /* View+Modifiers.swift */ = {isa = PBXFileReference; lastKnownFileType = sourcecode.swift; path = "View+Modifiers.swift"; sourceTree = "<group>"; };
		88E0E2452B27A38C002113DE /* Roboto-Regular.ttf */ = {isa = PBXFileReference; lastKnownFileType = file; path = "Roboto-Regular.ttf"; sourceTree = "<group>"; };
		88E0E2472B27A421002113DE /* Roboto-Bold.ttf */ = {isa = PBXFileReference; lastKnownFileType = file; path = "Roboto-Bold.ttf"; sourceTree = "<group>"; };
		88E0E2492B27A42D002113DE /* Roboto-Medium.ttf */ = {isa = PBXFileReference; lastKnownFileType = file; path = "Roboto-Medium.ttf"; sourceTree = "<group>"; };
/* End PBXFileReference section */

/* Begin PBXFrameworksBuildPhase section */
		88083CDA2B20C76A00B479EE /* Frameworks */ = {
			isa = PBXFrameworksBuildPhase;
			buildActionMask = 2147483647;
			files = (
				88083D3F2B20CBC400B479EE /* Alamofire in Frameworks */,
				88083DB02B21DD2100B479EE /* Lottie in Frameworks */,
			);
			runOnlyForDeploymentPostprocessing = 0;
		};
		88083CEA2B20C76C00B479EE /* Frameworks */ = {
			isa = PBXFrameworksBuildPhase;
			buildActionMask = 2147483647;
			files = (
			);
			runOnlyForDeploymentPostprocessing = 0;
		};
		88083CF42B20C76C00B479EE /* Frameworks */ = {
			isa = PBXFrameworksBuildPhase;
			buildActionMask = 2147483647;
			files = (
			);
			runOnlyForDeploymentPostprocessing = 0;
		};
/* End PBXFrameworksBuildPhase section */

/* Begin PBXGroup section */
		88083CD42B20C76A00B479EE = {
			isa = PBXGroup;
			children = (
				88083CDF2B20C76A00B479EE /* FilmFlow */,
				88083CF02B20C76C00B479EE /* FilmFlowTests */,
				88083CFA2B20C76C00B479EE /* FilmFlowUITests */,
				88083CDE2B20C76A00B479EE /* Products */,
			);
			sourceTree = "<group>";
		};
		88083CDE2B20C76A00B479EE /* Products */ = {
			isa = PBXGroup;
			children = (
				88083CDD2B20C76A00B479EE /* FilmFlow.app */,
				88083CED2B20C76C00B479EE /* FilmFlowTests.xctest */,
				88083CF72B20C76C00B479EE /* FilmFlowUITests.xctest */,
			);
			name = Products;
			sourceTree = "<group>";
		};
		88083CDF2B20C76A00B479EE /* FilmFlow */ = {
			isa = PBXGroup;
			children = (
				88E0E22D2B23324E002113DE /* Info.plist */,
				88083D402B20CD0B00B479EE /* Config */,
				88083D0A2B20C7ED00B479EE /* Common */,
				88083D0C2B20C7FC00B479EE /* Base */,
				88083D0B2B20C7F500B479EE /* Navigation */,
				88083D102B20C95200B479EE /* Modules */,
				88083DA62B21D85900B479EE /* Resources */,
				88083CE62B20C76C00B479EE /* Preview Content */,
			);
			path = FilmFlow;
			sourceTree = "<group>";
		};
		88083CE62B20C76C00B479EE /* Preview Content */ = {
			isa = PBXGroup;
			children = (
				88083CE72B20C76C00B479EE /* Preview Assets.xcassets */,
			);
			path = "Preview Content";
			sourceTree = "<group>";
		};
		88083CF02B20C76C00B479EE /* FilmFlowTests */ = {
			isa = PBXGroup;
			children = (
				88083CF12B20C76C00B479EE /* FilmFlowTests.swift */,
			);
			path = FilmFlowTests;
			sourceTree = "<group>";
		};
		88083CFA2B20C76C00B479EE /* FilmFlowUITests */ = {
			isa = PBXGroup;
			children = (
				88083CFB2B20C76C00B479EE /* FilmFlowUITests.swift */,
				88083CFD2B20C76C00B479EE /* FilmFlowUITestsLaunchTests.swift */,
			);
			path = FilmFlowUITests;
			sourceTree = "<group>";
		};
		88083D0A2B20C7ED00B479EE /* Common */ = {
			isa = PBXGroup;
			children = (
				88083D722B20D03600B479EE /* Extensions */,
				88083D712B20D02C00B479EE /* Style */,
				88083D732B20D04300B479EE /* Components */,
			);
			path = Common;
			sourceTree = "<group>";
		};
		88083D0B2B20C7F500B479EE /* Navigation */ = {
			isa = PBXGroup;
			children = (
				88083D552B20CEE800B479EE /* NavigationRouter.swift */,
				88083D562B20CEE800B479EE /* NavigationRouter+ErrorHandling.swift */,
				88083D582B20CEE800B479EE /* NavigationRouter+NavigationHandling.swift */,
				88083D572B20CEE800B479EE /* NavigationRouter+NavigationInterception.swift */,
				88083D542B20CEE800B479EE /* NavigationRouter+PathMatcher.swift */,
				88083D532B20CEE800B479EE /* NavigationRouter+PrivateHelpers.swift */,
				88083D592B20CEE800B479EE /* PathMatcher.swift */,
				88083D6F2B20CF8200B479EE /* TransitionAnimation.swift */,
				88083D522B20CEA100B479EE /* Model */,
				88083D502B20CE8C00B479EE /* Extensions */,
				88083D512B20CE9600B479EE /* Protocols */,
			);
			path = Navigation;
			sourceTree = "<group>";
		};
		88083D0C2B20C7FC00B479EE /* Base */ = {
			isa = PBXGroup;
			children = (
				88083D4A2B20CE2A00B479EE /* BaseApiClient.swift */,
				88083D4C2B20CE3500B479EE /* BaseError.swift */,
				88083D4E2B20CE4100B479EE /* APIError.swift */,
			);
			path = Base;
			sourceTree = "<group>";
		};
		88083D102B20C95200B479EE /* Modules */ = {
			isa = PBXGroup;
			children = (
				88E0E21B2B231910002113DE /* ChangeAccount */,
				88083D982B21D54500B479EE /* SplashScreen */,
				88083D172B20CAA600B479EE /* Profile */,
				88083D162B20CAA100B479EE /* Home */,
			);
			path = Modules;
			sourceTree = "<group>";
		};
		88083D162B20CAA100B479EE /* Home */ = {
			isa = PBXGroup;
			children = (
				88083D292B20CB8E00B479EE /* HomeApiClient.swift */,
				88083D282B20CB8E00B479EE /* HomeDataManager.swift */,
				88083D2A2B20CB8F00B479EE /* HomeView.swift */,
				88083D272B20CB8E00B479EE /* HomeViewModel.swift */,
				88083D2B2B20CB8F00B479EE /* HomeWireframe.swift */,
				88083D1A2B20CAC300B479EE /* Model */,
			);
			path = Home;
			sourceTree = "<group>";
		};
		88083D172B20CAA600B479EE /* Profile */ = {
			isa = PBXGroup;
			children = (
				88083D352B20CBA100B479EE /* ProfileAPIClient.swift */,
				88083D362B20CBA200B479EE /* ProfileDataManager.swift */,
				88083D342B20CBA100B479EE /* ProfileView.swift */,
				88083D372B20CBA200B479EE /* ProfileViewModel.swift */,
				88083D332B20CBA100B479EE /* ProfileWireframe.swift */,
			);
			path = Profile;
			sourceTree = "<group>";
		};
		88083D1A2B20CAC300B479EE /* Model */ = {
			isa = PBXGroup;
			children = (
				88083D312B20CB9600B479EE /* MoviesResponse.swift */,
			);
			path = Model;
			sourceTree = "<group>";
		};
		88083D402B20CD0B00B479EE /* Config */ = {
			isa = PBXGroup;
			children = (
				88083D412B20CD1F00B479EE /* AppDelegate.swift */,
				88083D432B20CD4600B479EE /* Enviroment.swift */,
				88083D452B20CD5C00B479EE /* Endpoints.swift */,
				88E0E23B2B272DB5002113DE /* Theme.swift */,
				88083CE02B20C76A00B479EE /* App.swift */,
				88083D472B20CDE100B479EE /* Config.plist */,
			);
			path = Config;
			sourceTree = "<group>";
		};
		88083D502B20CE8C00B479EE /* Extensions */ = {
			isa = PBXGroup;
			children = (
				88083D692B20CF7400B479EE /* Notification+Name.swift */,
				88083D6A2B20CF7400B479EE /* View+UIHostingController.swift */,
			);
			path = Extensions;
			sourceTree = "<group>";
		};
		88083D512B20CE9600B479EE /* Protocols */ = {
			isa = PBXGroup;
			children = (
				88083D642B20CF6D00B479EE /* RoutableView.swift */,
				88083D632B20CF6D00B479EE /* RoutableViewModel.swift */,
				88083D612B20CF6D00B479EE /* RouterAuthenticationHandler.swift */,
				88083D622B20CF6D00B479EE /* RouterErrorHandler.swift */,
			);
			path = Protocols;
			sourceTree = "<group>";
		};
		88083D522B20CEA100B479EE /* Model */ = {
			isa = PBXGroup;
			children = (
				88083D6D2B20CF7B00B479EE /* NavigationRoute.swift */,
			);
			path = Model;
			sourceTree = "<group>";
		};
		88083D712B20D02C00B479EE /* Style */ = {
			isa = PBXGroup;
			children = (
				88083D7D2B20D0D300B479EE /* Colors+Style.swift */,
				88083D7E2B20D0D300B479EE /* Font+Style.swift */,
				88083D7C2B20D0D300B479EE /* IconName+Style.swift */,
				88083D7A2B20D0D300B479EE /* LayoutSpacing.swift */,
				88083D7B2B20D0D300B479EE /* Text+Style.swift */,
			);
			path = Style;
			sourceTree = "<group>";
		};
		88083D722B20D03600B479EE /* Extensions */ = {
			isa = PBXGroup;
			children = (
				88083D772B20D0CB00B479EE /* String+Utils.swift */,
				88083D762B20D0CB00B479EE /* TransitionOptions.swift */,
				88E0E2412B2733D0002113DE /* UIFont+Register.swift */,
				88E0E2432B2739FA002113DE /* View+Modifiers.swift */,
			);
			path = Extensions;
			sourceTree = "<group>";
		};
		88083D732B20D04300B479EE /* Components */ = {
			isa = PBXGroup;
			children = (
				88083D742B20D05700B479EE /* Icon */,
				88083D752B20D05C00B479EE /* Button */,
			);
			path = Components;
			sourceTree = "<group>";
		};
		88083D742B20D05700B479EE /* Icon */ = {
			isa = PBXGroup;
			children = (
				88083D852B20D0DC00B479EE /* OLAIcon.swift */,
				88083D842B20D0DC00B479EE /* OLAText.swift */,
				88E0E2262B232784002113DE /* OLAImage.swift */,
			);
			path = Icon;
			sourceTree = "<group>";
		};
		88083D752B20D05C00B479EE /* Button */ = {
			isa = PBXGroup;
			children = (
				88083D8A2B20D0E300B479EE /* OLABiometricsButton.swift */,
				88083D8B2B20D0E300B479EE /* OLAButton.swift */,
				88083D892B20D0E300B479EE /* OLAFloatingButton.swift */,
				88083D882B20D0E300B479EE /* OLALinkButton.swift */,
				88083D8D2B20D0E300B479EE /* OLALocationFloatingButton.swift */,
				88083D8E2B20D0E300B479EE /* OLAMotionButton.swift */,
				88083D8C2B20D0E300B479EE /* OLARoundedButton.swift */,
				88083D8F2B20D0E300B479EE /* OLAStateRoundButton.swift */,
			);
			path = Button;
			sourceTree = "<group>";
		};
		88083D982B21D54500B479EE /* SplashScreen */ = {
			isa = PBXGroup;
			children = (
				88083D992B21D56100B479EE /* SplashAPIClient.swift */,
				88083D9A2B21D56100B479EE /* SplashView.swift */,
				88083D9B2B21D56100B479EE /* SplashViewModel.swift */,
				88083D9C2B21D56100B479EE /* SplashDataManager.swift */,
				88083D9D2B21D56100B479EE /* SplashWireframe.swift */,
				88E0E22B2B233214002113DE /* LaunchScreen.storyboard */,
			);
			path = SplashScreen;
			sourceTree = "<group>";
		};
		88083DA62B21D85900B479EE /* Resources */ = {
			isa = PBXGroup;
			children = (
				88E0E23E2B2732DF002113DE /* Fonts */,
				88083DB12B21DD3500B479EE /* LottieFiles */,
				88083CE42B20C76C00B479EE /* Assets.xcassets */,
			);
			path = Resources;
			sourceTree = "<group>";
		};
		88083DB12B21DD3500B479EE /* LottieFiles */ = {
			isa = PBXGroup;
			children = (
				88083DB52B21DDDF00B479EE /* LottieView.swift */,
				88083DB42B21DDCC00B479EE /* Animations */,
				88083DB22B21DD5900B479EE /* splash.json */,
			);
			path = LottieFiles;
			sourceTree = "<group>";
		};
		88083DB42B21DDCC00B479EE /* Animations */ = {
			isa = PBXGroup;
			children = (
			);
			path = Animations;
			sourceTree = "<group>";
		};
		88E0E21B2B231910002113DE /* ChangeAccount */ = {
			isa = PBXGroup;
			children = (
				88E0E22E2B271E43002113DE /* View */,
				88E0E2282B232D47002113DE /* Model */,
				88E0E21C2B23192F002113DE /* ChangeAccountAPIClient.swift */,
				88E0E21D2B23192F002113DE /* ChangeAccountView.swift */,
				88E0E21E2B23192F002113DE /* ChangeAccountViewModel.swift */,
				88E0E21F2B23192F002113DE /* ChangeAccountDataManager.swift */,
				88E0E2202B23192F002113DE /* ChangeAccountWireframe.swift */,
			);
			path = ChangeAccount;
			sourceTree = "<group>";
		};
		88E0E2282B232D47002113DE /* Model */ = {
			isa = PBXGroup;
			children = (
				88E0E2292B232D5C002113DE /* UserChangeAccount.swift */,
			);
			path = Model;
			sourceTree = "<group>";
		};
		88E0E22E2B271E43002113DE /* View */ = {
			isa = PBXGroup;
			children = (
				88E0E22F2B271E66002113DE /* AccountCell.swift */,
			);
			path = View;
			sourceTree = "<group>";
		};
		88E0E23E2B2732DF002113DE /* Fonts */ = {
			isa = PBXGroup;
			children = (
				88E0E2472B27A421002113DE /* Roboto-Bold.ttf */,
				88E0E2452B27A38C002113DE /* Roboto-Regular.ttf */,
				88E0E2492B27A42D002113DE /* Roboto-Medium.ttf */,
			);
			path = Fonts;
			sourceTree = "<group>";
		};
/* End PBXGroup section */

/* Begin PBXNativeTarget section */
		88083CDC2B20C76A00B479EE /* FilmFlow */ = {
			isa = PBXNativeTarget;
			buildConfigurationList = 88083D012B20C76C00B479EE /* Build configuration list for PBXNativeTarget "FilmFlow" */;
			buildPhases = (
				88083CD92B20C76A00B479EE /* Sources */,
				88083CDA2B20C76A00B479EE /* Frameworks */,
				88083CDB2B20C76A00B479EE /* Resources */,
			);
			buildRules = (
			);
			dependencies = (
			);
			name = FilmFlow;
			packageProductDependencies = (
				88083D3E2B20CBC400B479EE /* Alamofire */,
				88083DAF2B21DD2100B479EE /* Lottie */,
			);
			productName = FilmFlow;
			productReference = 88083CDD2B20C76A00B479EE /* FilmFlow.app */;
			productType = "com.apple.product-type.application";
		};
		88083CEC2B20C76C00B479EE /* FilmFlowTests */ = {
			isa = PBXNativeTarget;
			buildConfigurationList = 88083D042B20C76C00B479EE /* Build configuration list for PBXNativeTarget "FilmFlowTests" */;
			buildPhases = (
				88083CE92B20C76C00B479EE /* Sources */,
				88083CEA2B20C76C00B479EE /* Frameworks */,
				88083CEB2B20C76C00B479EE /* Resources */,
			);
			buildRules = (
			);
			dependencies = (
				88083CEF2B20C76C00B479EE /* PBXTargetDependency */,
			);
			name = FilmFlowTests;
			productName = FilmFlowTests;
			productReference = 88083CED2B20C76C00B479EE /* FilmFlowTests.xctest */;
			productType = "com.apple.product-type.bundle.unit-test";
		};
		88083CF62B20C76C00B479EE /* FilmFlowUITests */ = {
			isa = PBXNativeTarget;
			buildConfigurationList = 88083D072B20C76C00B479EE /* Build configuration list for PBXNativeTarget "FilmFlowUITests" */;
			buildPhases = (
				88083CF32B20C76C00B479EE /* Sources */,
				88083CF42B20C76C00B479EE /* Frameworks */,
				88083CF52B20C76C00B479EE /* Resources */,
			);
			buildRules = (
			);
			dependencies = (
				88083CF92B20C76C00B479EE /* PBXTargetDependency */,
			);
			name = FilmFlowUITests;
			productName = FilmFlowUITests;
			productReference = 88083CF72B20C76C00B479EE /* FilmFlowUITests.xctest */;
			productType = "com.apple.product-type.bundle.ui-testing";
		};
/* End PBXNativeTarget section */

/* Begin PBXProject section */
		88083CD52B20C76A00B479EE /* Project object */ = {
			isa = PBXProject;
			attributes = {
				BuildIndependentTargetsInParallel = 1;
				LastSwiftUpdateCheck = 1430;
				LastUpgradeCheck = 1430;
				TargetAttributes = {
					88083CDC2B20C76A00B479EE = {
						CreatedOnToolsVersion = 14.3.1;
					};
					88083CEC2B20C76C00B479EE = {
						CreatedOnToolsVersion = 14.3.1;
						TestTargetID = 88083CDC2B20C76A00B479EE;
					};
					88083CF62B20C76C00B479EE = {
						CreatedOnToolsVersion = 14.3.1;
						TestTargetID = 88083CDC2B20C76A00B479EE;
					};
				};
			};
			buildConfigurationList = 88083CD82B20C76A00B479EE /* Build configuration list for PBXProject "FilmFlow" */;
			compatibilityVersion = "Xcode 14.0";
			developmentRegion = en;
			hasScannedForEncodings = 0;
			knownRegions = (
				en,
				Base,
			);
			mainGroup = 88083CD42B20C76A00B479EE;
			packageReferences = (
				88083D3D2B20CBC400B479EE /* XCRemoteSwiftPackageReference "Alamofire" */,
				88083DAE2B21DD2100B479EE /* XCRemoteSwiftPackageReference "lottie-ios" */,
			);
			productRefGroup = 88083CDE2B20C76A00B479EE /* Products */;
			projectDirPath = "";
			projectRoot = "";
			targets = (
				88083CDC2B20C76A00B479EE /* FilmFlow */,
				88083CEC2B20C76C00B479EE /* FilmFlowTests */,
				88083CF62B20C76C00B479EE /* FilmFlowUITests */,
			);
		};
/* End PBXProject section */

/* Begin PBXResourcesBuildPhase section */
		88083CDB2B20C76A00B479EE /* Resources */ = {
			isa = PBXResourcesBuildPhase;
			buildActionMask = 2147483647;
			files = (
				88E0E24A2B27A42D002113DE /* Roboto-Medium.ttf in Resources */,
				88E0E2462B27A38C002113DE /* Roboto-Regular.ttf in Resources */,
				88083CE82B20C76C00B479EE /* Preview Assets.xcassets in Resources */,
				88083DB32B21DD5900B479EE /* splash.json in Resources */,
				88083D492B20CE0D00B479EE /* Config.plist in Resources */,
				88E0E22C2B233214002113DE /* LaunchScreen.storyboard in Resources */,
				88E0E2482B27A421002113DE /* Roboto-Bold.ttf in Resources */,
				88083CE52B20C76C00B479EE /* Assets.xcassets in Resources */,
			);
			runOnlyForDeploymentPostprocessing = 0;
		};
		88083CEB2B20C76C00B479EE /* Resources */ = {
			isa = PBXResourcesBuildPhase;
			buildActionMask = 2147483647;
			files = (
			);
			runOnlyForDeploymentPostprocessing = 0;
		};
		88083CF52B20C76C00B479EE /* Resources */ = {
			isa = PBXResourcesBuildPhase;
			buildActionMask = 2147483647;
			files = (
			);
			runOnlyForDeploymentPostprocessing = 0;
		};
/* End PBXResourcesBuildPhase section */

/* Begin PBXSourcesBuildPhase section */
		88083CD92B20C76A00B479EE /* Sources */ = {
			isa = PBXSourcesBuildPhase;
			buildActionMask = 2147483647;
			files = (
				88083D4D2B20CE3500B479EE /* BaseError.swift in Sources */,
				88E0E2242B23192F002113DE /* ChangeAccountDataManager.swift in Sources */,
				88E0E2232B23192F002113DE /* ChangeAccountViewModel.swift in Sources */,
				88083D322B20CB9600B479EE /* MoviesResponse.swift in Sources */,
				88083D5D2B20CEE800B479EE /* NavigationRouter+ErrorHandling.swift in Sources */,
				88083D5B2B20CEE800B479EE /* NavigationRouter+PathMatcher.swift in Sources */,
				88083D902B20D0E300B479EE /* OLALinkButton.swift in Sources */,
				88083D442B20CD4600B479EE /* Enviroment.swift in Sources */,
				88083D792B20D0CB00B479EE /* String+Utils.swift in Sources */,
				88083D5F2B20CEE800B479EE /* NavigationRouter+NavigationHandling.swift in Sources */,
				88083DA22B21D56100B479EE /* SplashWireframe.swift in Sources */,
				88083D812B20D0D300B479EE /* IconName+Style.swift in Sources */,
				88083D4B2B20CE2A00B479EE /* BaseApiClient.swift in Sources */,
				88083D652B20CF6D00B479EE /* RouterAuthenticationHandler.swift in Sources */,
				88083D7F2B20D0D300B479EE /* LayoutSpacing.swift in Sources */,
				88083D392B20CBA200B479EE /* ProfileView.swift in Sources */,
				88E0E2272B232784002113DE /* OLAImage.swift in Sources */,
				88E0E23C2B272DB5002113DE /* Theme.swift in Sources */,
				88083D9E2B21D56100B479EE /* SplashAPIClient.swift in Sources */,
				88083D822B20D0D300B479EE /* Colors+Style.swift in Sources */,
				88083D6C2B20CF7400B479EE /* View+UIHostingController.swift in Sources */,
				88083D2E2B20CB8F00B479EE /* HomeApiClient.swift in Sources */,
				88083D422B20CD1F00B479EE /* AppDelegate.swift in Sources */,
				88083D5C2B20CEE800B479EE /* NavigationRouter.swift in Sources */,
				88083D382B20CBA200B479EE /* ProfileWireframe.swift in Sources */,
				88083D602B20CEE800B479EE /* PathMatcher.swift in Sources */,
				88083D9F2B21D56100B479EE /* SplashView.swift in Sources */,
				88083D6E2B20CF7B00B479EE /* NavigationRoute.swift in Sources */,
				88083D682B20CF6D00B479EE /* RoutableView.swift in Sources */,
				88083D5E2B20CEE800B479EE /* NavigationRouter+NavigationInterception.swift in Sources */,
				88E0E2212B23192F002113DE /* ChangeAccountAPIClient.swift in Sources */,
				88083D972B20D0E300B479EE /* OLAStateRoundButton.swift in Sources */,
				88083D802B20D0D300B479EE /* Text+Style.swift in Sources */,
				88083D3B2B20CBA200B479EE /* ProfileDataManager.swift in Sources */,
				88083D6B2B20CF7400B479EE /* Notification+Name.swift in Sources */,
				88083D932B20D0E300B479EE /* OLAButton.swift in Sources */,
				88083D872B20D0DC00B479EE /* OLAIcon.swift in Sources */,
				88083D702B20CF8300B479EE /* TransitionAnimation.swift in Sources */,
				88083D672B20CF6D00B479EE /* RoutableViewModel.swift in Sources */,
				88083D2C2B20CB8F00B479EE /* HomeViewModel.swift in Sources */,
				88083D952B20D0E300B479EE /* OLALocationFloatingButton.swift in Sources */,
				88083D862B20D0DC00B479EE /* OLAText.swift in Sources */,
				88083D302B20CB8F00B479EE /* HomeWireframe.swift in Sources */,
				88E0E2422B2733D0002113DE /* UIFont+Register.swift in Sources */,
				88083D3A2B20CBA200B479EE /* ProfileAPIClient.swift in Sources */,
				88083DB62B21DDDF00B479EE /* LottieView.swift in Sources */,
				88083D662B20CF6D00B479EE /* RouterErrorHandler.swift in Sources */,
				88083D2F2B20CB8F00B479EE /* HomeView.swift in Sources */,
				88083DA12B21D56100B479EE /* SplashDataManager.swift in Sources */,
				88083D922B20D0E300B479EE /* OLABiometricsButton.swift in Sources */,
				88083D3C2B20CBA200B479EE /* ProfileViewModel.swift in Sources */,
				88E0E2222B23192F002113DE /* ChangeAccountView.swift in Sources */,
				88083D2D2B20CB8F00B479EE /* HomeDataManager.swift in Sources */,
				88083D5A2B20CEE800B479EE /* NavigationRouter+PrivateHelpers.swift in Sources */,
				88083D962B20D0E300B479EE /* OLAMotionButton.swift in Sources */,
				88083D462B20CD5C00B479EE /* Endpoints.swift in Sources */,
				88083D942B20D0E300B479EE /* OLARoundedButton.swift in Sources */,
				88E0E2442B2739FA002113DE /* View+Modifiers.swift in Sources */,
				88083D782B20D0CB00B479EE /* TransitionOptions.swift in Sources */,
				88083CE12B20C76A00B479EE /* App.swift in Sources */,
				88E0E2302B271E66002113DE /* AccountCell.swift in Sources */,
				88083D832B20D0D300B479EE /* Font+Style.swift in Sources */,
				88E0E2252B23192F002113DE /* ChangeAccountWireframe.swift in Sources */,
				88E0E22A2B232D5C002113DE /* UserChangeAccount.swift in Sources */,
				88083DA02B21D56100B479EE /* SplashViewModel.swift in Sources */,
				88083D912B20D0E300B479EE /* OLAFloatingButton.swift in Sources */,
				88083D4F2B20CE4100B479EE /* APIError.swift in Sources */,
			);
			runOnlyForDeploymentPostprocessing = 0;
		};
		88083CE92B20C76C00B479EE /* Sources */ = {
			isa = PBXSourcesBuildPhase;
			buildActionMask = 2147483647;
			files = (
				88083CF22B20C76C00B479EE /* FilmFlowTests.swift in Sources */,
			);
			runOnlyForDeploymentPostprocessing = 0;
		};
		88083CF32B20C76C00B479EE /* Sources */ = {
			isa = PBXSourcesBuildPhase;
			buildActionMask = 2147483647;
			files = (
				88083CFE2B20C76C00B479EE /* FilmFlowUITestsLaunchTests.swift in Sources */,
				88083CFC2B20C76C00B479EE /* FilmFlowUITests.swift in Sources */,
			);
			runOnlyForDeploymentPostprocessing = 0;
		};
/* End PBXSourcesBuildPhase section */

/* Begin PBXTargetDependency section */
		88083CEF2B20C76C00B479EE /* PBXTargetDependency */ = {
			isa = PBXTargetDependency;
			target = 88083CDC2B20C76A00B479EE /* FilmFlow */;
			targetProxy = 88083CEE2B20C76C00B479EE /* PBXContainerItemProxy */;
		};
		88083CF92B20C76C00B479EE /* PBXTargetDependency */ = {
			isa = PBXTargetDependency;
			target = 88083CDC2B20C76A00B479EE /* FilmFlow */;
			targetProxy = 88083CF82B20C76C00B479EE /* PBXContainerItemProxy */;
		};
/* End PBXTargetDependency section */

/* Begin XCBuildConfiguration section */
		88083CFF2B20C76C00B479EE /* Debug */ = {
			isa = XCBuildConfiguration;
			buildSettings = {
				ALWAYS_SEARCH_USER_PATHS = NO;
				CLANG_ANALYZER_NONNULL = YES;
				CLANG_ANALYZER_NUMBER_OBJECT_CONVERSION = YES_AGGRESSIVE;
				CLANG_CXX_LANGUAGE_STANDARD = "gnu++20";
				CLANG_ENABLE_MODULES = YES;
				CLANG_ENABLE_OBJC_ARC = YES;
				CLANG_ENABLE_OBJC_WEAK = YES;
				CLANG_WARN_BLOCK_CAPTURE_AUTORELEASING = YES;
				CLANG_WARN_BOOL_CONVERSION = YES;
				CLANG_WARN_COMMA = YES;
				CLANG_WARN_CONSTANT_CONVERSION = YES;
				CLANG_WARN_DEPRECATED_OBJC_IMPLEMENTATIONS = YES;
				CLANG_WARN_DIRECT_OBJC_ISA_USAGE = YES_ERROR;
				CLANG_WARN_DOCUMENTATION_COMMENTS = YES;
				CLANG_WARN_EMPTY_BODY = YES;
				CLANG_WARN_ENUM_CONVERSION = YES;
				CLANG_WARN_INFINITE_RECURSION = YES;
				CLANG_WARN_INT_CONVERSION = YES;
				CLANG_WARN_NON_LITERAL_NULL_CONVERSION = YES;
				CLANG_WARN_OBJC_IMPLICIT_RETAIN_SELF = YES;
				CLANG_WARN_OBJC_LITERAL_CONVERSION = YES;
				CLANG_WARN_OBJC_ROOT_CLASS = YES_ERROR;
				CLANG_WARN_QUOTED_INCLUDE_IN_FRAMEWORK_HEADER = YES;
				CLANG_WARN_RANGE_LOOP_ANALYSIS = YES;
				CLANG_WARN_STRICT_PROTOTYPES = YES;
				CLANG_WARN_SUSPICIOUS_MOVE = YES;
				CLANG_WARN_UNGUARDED_AVAILABILITY = YES_AGGRESSIVE;
				CLANG_WARN_UNREACHABLE_CODE = YES;
				CLANG_WARN__DUPLICATE_METHOD_MATCH = YES;
				COPY_PHASE_STRIP = NO;
				DEBUG_INFORMATION_FORMAT = dwarf;
				ENABLE_STRICT_OBJC_MSGSEND = YES;
				ENABLE_TESTABILITY = YES;
				GCC_C_LANGUAGE_STANDARD = gnu11;
				GCC_DYNAMIC_NO_PIC = NO;
				GCC_NO_COMMON_BLOCKS = YES;
				GCC_OPTIMIZATION_LEVEL = 0;
				GCC_PREPROCESSOR_DEFINITIONS = (
					"DEBUG=1",
					"$(inherited)",
				);
				GCC_WARN_64_TO_32_BIT_CONVERSION = YES;
				GCC_WARN_ABOUT_RETURN_TYPE = YES_ERROR;
				GCC_WARN_UNDECLARED_SELECTOR = YES;
				GCC_WARN_UNINITIALIZED_AUTOS = YES_AGGRESSIVE;
				GCC_WARN_UNUSED_FUNCTION = YES;
				GCC_WARN_UNUSED_VARIABLE = YES;
				IPHONEOS_DEPLOYMENT_TARGET = 15.0;
				MTL_ENABLE_DEBUG_INFO = INCLUDE_SOURCE;
				MTL_FAST_MATH = YES;
				ONLY_ACTIVE_ARCH = YES;
				SDKROOT = iphoneos;
				SWIFT_ACTIVE_COMPILATION_CONDITIONS = DEBUG;
				SWIFT_OPTIMIZATION_LEVEL = "-Onone";
			};
			name = Debug;
		};
		88083D002B20C76C00B479EE /* Release */ = {
			isa = XCBuildConfiguration;
			buildSettings = {
				ALWAYS_SEARCH_USER_PATHS = NO;
				CLANG_ANALYZER_NONNULL = YES;
				CLANG_ANALYZER_NUMBER_OBJECT_CONVERSION = YES_AGGRESSIVE;
				CLANG_CXX_LANGUAGE_STANDARD = "gnu++20";
				CLANG_ENABLE_MODULES = YES;
				CLANG_ENABLE_OBJC_ARC = YES;
				CLANG_ENABLE_OBJC_WEAK = YES;
				CLANG_WARN_BLOCK_CAPTURE_AUTORELEASING = YES;
				CLANG_WARN_BOOL_CONVERSION = YES;
				CLANG_WARN_COMMA = YES;
				CLANG_WARN_CONSTANT_CONVERSION = YES;
				CLANG_WARN_DEPRECATED_OBJC_IMPLEMENTATIONS = YES;
				CLANG_WARN_DIRECT_OBJC_ISA_USAGE = YES_ERROR;
				CLANG_WARN_DOCUMENTATION_COMMENTS = YES;
				CLANG_WARN_EMPTY_BODY = YES;
				CLANG_WARN_ENUM_CONVERSION = YES;
				CLANG_WARN_INFINITE_RECURSION = YES;
				CLANG_WARN_INT_CONVERSION = YES;
				CLANG_WARN_NON_LITERAL_NULL_CONVERSION = YES;
				CLANG_WARN_OBJC_IMPLICIT_RETAIN_SELF = YES;
				CLANG_WARN_OBJC_LITERAL_CONVERSION = YES;
				CLANG_WARN_OBJC_ROOT_CLASS = YES_ERROR;
				CLANG_WARN_QUOTED_INCLUDE_IN_FRAMEWORK_HEADER = YES;
				CLANG_WARN_RANGE_LOOP_ANALYSIS = YES;
				CLANG_WARN_STRICT_PROTOTYPES = YES;
				CLANG_WARN_SUSPICIOUS_MOVE = YES;
				CLANG_WARN_UNGUARDED_AVAILABILITY = YES_AGGRESSIVE;
				CLANG_WARN_UNREACHABLE_CODE = YES;
				CLANG_WARN__DUPLICATE_METHOD_MATCH = YES;
				COPY_PHASE_STRIP = NO;
				DEBUG_INFORMATION_FORMAT = "dwarf-with-dsym";
				ENABLE_NS_ASSERTIONS = NO;
				ENABLE_STRICT_OBJC_MSGSEND = YES;
				GCC_C_LANGUAGE_STANDARD = gnu11;
				GCC_NO_COMMON_BLOCKS = YES;
				GCC_WARN_64_TO_32_BIT_CONVERSION = YES;
				GCC_WARN_ABOUT_RETURN_TYPE = YES_ERROR;
				GCC_WARN_UNDECLARED_SELECTOR = YES;
				GCC_WARN_UNINITIALIZED_AUTOS = YES_AGGRESSIVE;
				GCC_WARN_UNUSED_FUNCTION = YES;
				GCC_WARN_UNUSED_VARIABLE = YES;
				IPHONEOS_DEPLOYMENT_TARGET = 15.0;
				MTL_ENABLE_DEBUG_INFO = NO;
				MTL_FAST_MATH = YES;
				SDKROOT = iphoneos;
				SWIFT_COMPILATION_MODE = wholemodule;
				SWIFT_OPTIMIZATION_LEVEL = "-O";
				VALIDATE_PRODUCT = YES;
			};
			name = Release;
		};
		88083D022B20C76C00B479EE /* Debug */ = {
			isa = XCBuildConfiguration;
			buildSettings = {
				ASSETCATALOG_COMPILER_APPICON_NAME = AppIcon;
				ASSETCATALOG_COMPILER_GLOBAL_ACCENT_COLOR_NAME = AccentColor;
				CODE_SIGN_STYLE = Automatic;
				CURRENT_PROJECT_VERSION = 1;
				DEVELOPMENT_ASSET_PATHS = "\"FilmFlow/Preview Content\"";
				DEVELOPMENT_TEAM = S995AAJ8H2;
				ENABLE_PREVIEWS = YES;
				GENERATE_INFOPLIST_FILE = YES;
				INFOPLIST_FILE = FilmFlow/Info.plist;
				INFOPLIST_KEY_UIApplicationSupportsIndirectInputEvents = YES;
				INFOPLIST_KEY_UILaunchStoryboardName = LaunchScreen.storyboard;
				INFOPLIST_KEY_UISupportedInterfaceOrientations_iPad = "UIInterfaceOrientationPortrait UIInterfaceOrientationPortraitUpsideDown UIInterfaceOrientationLandscapeLeft UIInterfaceOrientationLandscapeRight";
				INFOPLIST_KEY_UISupportedInterfaceOrientations_iPhone = "UIInterfaceOrientationPortrait UIInterfaceOrientationLandscapeLeft UIInterfaceOrientationLandscapeRight";
				IPHONEOS_DEPLOYMENT_TARGET = 15.0;
				LD_RUNPATH_SEARCH_PATHS = (
					"$(inherited)",
					"@executable_path/Frameworks",
				);
				MARKETING_VERSION = 1.0;
				PRODUCT_BUNDLE_IDENTIFIER = app.FilmFlow;
				PRODUCT_NAME = "$(TARGET_NAME)";
				SWIFT_EMIT_LOC_STRINGS = YES;
				SWIFT_VERSION = 5.0;
				TARGETED_DEVICE_FAMILY = "1,2";
			};
			name = Debug;
		};
		88083D032B20C76C00B479EE /* Release */ = {
			isa = XCBuildConfiguration;
			buildSettings = {
				ASSETCATALOG_COMPILER_APPICON_NAME = AppIcon;
				ASSETCATALOG_COMPILER_GLOBAL_ACCENT_COLOR_NAME = AccentColor;
				CODE_SIGN_STYLE = Automatic;
				CURRENT_PROJECT_VERSION = 1;
				DEVELOPMENT_ASSET_PATHS = "\"FilmFlow/Preview Content\"";
				DEVELOPMENT_TEAM = S995AAJ8H2;
				ENABLE_PREVIEWS = YES;
				GENERATE_INFOPLIST_FILE = YES;
				INFOPLIST_FILE = FilmFlow/Info.plist;
				INFOPLIST_KEY_UIApplicationSupportsIndirectInputEvents = YES;
				INFOPLIST_KEY_UILaunchStoryboardName = LaunchScreen.storyboard;
				INFOPLIST_KEY_UISupportedInterfaceOrientations_iPad = "UIInterfaceOrientationPortrait UIInterfaceOrientationPortraitUpsideDown UIInterfaceOrientationLandscapeLeft UIInterfaceOrientationLandscapeRight";
				INFOPLIST_KEY_UISupportedInterfaceOrientations_iPhone = "UIInterfaceOrientationPortrait UIInterfaceOrientationLandscapeLeft UIInterfaceOrientationLandscapeRight";
				IPHONEOS_DEPLOYMENT_TARGET = 15.0;
				LD_RUNPATH_SEARCH_PATHS = (
					"$(inherited)",
					"@executable_path/Frameworks",
				);
				MARKETING_VERSION = 1.0;
				PRODUCT_BUNDLE_IDENTIFIER = app.FilmFlow;
				PRODUCT_NAME = "$(TARGET_NAME)";
				SWIFT_EMIT_LOC_STRINGS = YES;
				SWIFT_VERSION = 5.0;
				TARGETED_DEVICE_FAMILY = "1,2";
			};
			name = Release;
		};
		88083D052B20C76C00B479EE /* Debug */ = {
			isa = XCBuildConfiguration;
			buildSettings = {
				ALWAYS_EMBED_SWIFT_STANDARD_LIBRARIES = YES;
				BUNDLE_LOADER = "$(TEST_HOST)";
				CODE_SIGN_STYLE = Automatic;
				CURRENT_PROJECT_VERSION = 1;
				GENERATE_INFOPLIST_FILE = YES;
				IPHONEOS_DEPLOYMENT_TARGET = 16.4;
				MARKETING_VERSION = 1.0;
				PRODUCT_BUNDLE_IDENTIFIER = app.FilmFlowTests;
				PRODUCT_NAME = "$(TARGET_NAME)";
				SWIFT_EMIT_LOC_STRINGS = NO;
				SWIFT_VERSION = 5.0;
				TARGETED_DEVICE_FAMILY = "1,2";
				TEST_HOST = "$(BUILT_PRODUCTS_DIR)/FilmFlow.app/$(BUNDLE_EXECUTABLE_FOLDER_PATH)/FilmFlow";
			};
			name = Debug;
		};
		88083D062B20C76C00B479EE /* Release */ = {
			isa = XCBuildConfiguration;
			buildSettings = {
				ALWAYS_EMBED_SWIFT_STANDARD_LIBRARIES = YES;
				BUNDLE_LOADER = "$(TEST_HOST)";
				CODE_SIGN_STYLE = Automatic;
				CURRENT_PROJECT_VERSION = 1;
				GENERATE_INFOPLIST_FILE = YES;
				IPHONEOS_DEPLOYMENT_TARGET = 16.4;
				MARKETING_VERSION = 1.0;
				PRODUCT_BUNDLE_IDENTIFIER = app.FilmFlowTests;
				PRODUCT_NAME = "$(TARGET_NAME)";
				SWIFT_EMIT_LOC_STRINGS = NO;
				SWIFT_VERSION = 5.0;
				TARGETED_DEVICE_FAMILY = "1,2";
				TEST_HOST = "$(BUILT_PRODUCTS_DIR)/FilmFlow.app/$(BUNDLE_EXECUTABLE_FOLDER_PATH)/FilmFlow";
			};
			name = Release;
		};
		88083D082B20C76C00B479EE /* Debug */ = {
			isa = XCBuildConfiguration;
			buildSettings = {
				ALWAYS_EMBED_SWIFT_STANDARD_LIBRARIES = YES;
				CODE_SIGN_STYLE = Automatic;
				CURRENT_PROJECT_VERSION = 1;
				GENERATE_INFOPLIST_FILE = YES;
				MARKETING_VERSION = 1.0;
				PRODUCT_BUNDLE_IDENTIFIER = app.FilmFlowUITests;
				PRODUCT_NAME = "$(TARGET_NAME)";
				SWIFT_EMIT_LOC_STRINGS = NO;
				SWIFT_VERSION = 5.0;
				TARGETED_DEVICE_FAMILY = "1,2";
				TEST_TARGET_NAME = FilmFlow;
			};
			name = Debug;
		};
		88083D092B20C76C00B479EE /* Release */ = {
			isa = XCBuildConfiguration;
			buildSettings = {
				ALWAYS_EMBED_SWIFT_STANDARD_LIBRARIES = YES;
				CODE_SIGN_STYLE = Automatic;
				CURRENT_PROJECT_VERSION = 1;
				GENERATE_INFOPLIST_FILE = YES;
				MARKETING_VERSION = 1.0;
				PRODUCT_BUNDLE_IDENTIFIER = app.FilmFlowUITests;
				PRODUCT_NAME = "$(TARGET_NAME)";
				SWIFT_EMIT_LOC_STRINGS = NO;
				SWIFT_VERSION = 5.0;
				TARGETED_DEVICE_FAMILY = "1,2";
				TEST_TARGET_NAME = FilmFlow;
			};
			name = Release;
		};
/* End XCBuildConfiguration section */

/* Begin XCConfigurationList section */
		88083CD82B20C76A00B479EE /* Build configuration list for PBXProject "FilmFlow" */ = {
			isa = XCConfigurationList;
			buildConfigurations = (
				88083CFF2B20C76C00B479EE /* Debug */,
				88083D002B20C76C00B479EE /* Release */,
			);
			defaultConfigurationIsVisible = 0;
			defaultConfigurationName = Release;
		};
		88083D012B20C76C00B479EE /* Build configuration list for PBXNativeTarget "FilmFlow" */ = {
			isa = XCConfigurationList;
			buildConfigurations = (
				88083D022B20C76C00B479EE /* Debug */,
				88083D032B20C76C00B479EE /* Release */,
			);
			defaultConfigurationIsVisible = 0;
			defaultConfigurationName = Release;
		};
		88083D042B20C76C00B479EE /* Build configuration list for PBXNativeTarget "FilmFlowTests" */ = {
			isa = XCConfigurationList;
			buildConfigurations = (
				88083D052B20C76C00B479EE /* Debug */,
				88083D062B20C76C00B479EE /* Release */,
			);
			defaultConfigurationIsVisible = 0;
			defaultConfigurationName = Release;
		};
		88083D072B20C76C00B479EE /* Build configuration list for PBXNativeTarget "FilmFlowUITests" */ = {
			isa = XCConfigurationList;
			buildConfigurations = (
				88083D082B20C76C00B479EE /* Debug */,
				88083D092B20C76C00B479EE /* Release */,
			);
			defaultConfigurationIsVisible = 0;
			defaultConfigurationName = Release;
		};
/* End XCConfigurationList section */

/* Begin XCRemoteSwiftPackageReference section */
		88083D3D2B20CBC400B479EE /* XCRemoteSwiftPackageReference "Alamofire" */ = {
			isa = XCRemoteSwiftPackageReference;
			repositoryURL = "https://github.com/Alamofire/Alamofire.git";
			requirement = {
				kind = upToNextMajorVersion;
				minimumVersion = 5.8.0;
			};
		};
		88083DAE2B21DD2100B479EE /* XCRemoteSwiftPackageReference "lottie-ios" */ = {
			isa = XCRemoteSwiftPackageReference;
			repositoryURL = "https://github.com/airbnb/lottie-ios";
			requirement = {
				kind = upToNextMajorVersion;
				minimumVersion = 4.3.4;
			};
		};
/* End XCRemoteSwiftPackageReference section */

/* Begin XCSwiftPackageProductDependency section */
		88083D3E2B20CBC400B479EE /* Alamofire */ = {
			isa = XCSwiftPackageProductDependency;
			package = 88083D3D2B20CBC400B479EE /* XCRemoteSwiftPackageReference "Alamofire" */;
			productName = Alamofire;
		};
		88083DAF2B21DD2100B479EE /* Lottie */ = {
			isa = XCSwiftPackageProductDependency;
			package = 88083DAE2B21DD2100B479EE /* XCRemoteSwiftPackageReference "lottie-ios" */;
			productName = Lottie;
		};
/* End XCSwiftPackageProductDependency section */
	};
	rootObject = 88083CD52B20C76A00B479EE /* Project object */;
}
