// !$*UTF8*$!
{
	archiveVersion = 1;
	classes = {
	};
	objectVersion = 56;
	objects = {

/* Begin PBXBuildFile section */
		88083CE12B20C76A00B479EE /* FilmFlowApp.swift in Sources */ = {isa = PBXBuildFile; fileRef = 88083CE02B20C76A00B479EE /* FilmFlowApp.swift */; };
		88083CE32B20C76A00B479EE /* ContentView.swift in Sources */ = {isa = PBXBuildFile; fileRef = 88083CE22B20C76A00B479EE /* ContentView.swift */; };
		88083CE52B20C76C00B479EE /* Assets.xcassets in Resources */ = {isa = PBXBuildFile; fileRef = 88083CE42B20C76C00B479EE /* Assets.xcassets */; };
		88083CE82B20C76C00B479EE /* Preview Assets.xcassets in Resources */ = {isa = PBXBuildFile; fileRef = 88083CE72B20C76C00B479EE /* Preview Assets.xcassets */; };
		88083CF22B20C76C00B479EE /* FilmFlowTests.swift in Sources */ = {isa = PBXBuildFile; fileRef = 88083CF12B20C76C00B479EE /* FilmFlowTests.swift */; };
		88083CFC2B20C76C00B479EE /* FilmFlowUITests.swift in Sources */ = {isa = PBXBuildFile; fileRef = 88083CFB2B20C76C00B479EE /* FilmFlowUITests.swift */; };
		88083CFE2B20C76C00B479EE /* FilmFlowUITestsLaunchTests.swift in Sources */ = {isa = PBXBuildFile; fileRef = 88083CFD2B20C76C00B479EE /* FilmFlowUITestsLaunchTests.swift */; };
		88083D2C2B20CB8F00B479EE /* HomeViewModel.swift in Sources */ = {isa = PBXBuildFile; fileRef = 88083D272B20CB8E00B479EE /* HomeViewModel.swift */; };
		88083D2D2B20CB8F00B479EE /* HomeDataManager.swift in Sources */ = {isa = PBXBuildFile; fileRef = 88083D282B20CB8E00B479EE /* HomeDataManager.swift */; };
		88083D2E2B20CB8F00B479EE /* HomeApiClient.swift in Sources */ = {isa = PBXBuildFile; fileRef = 88083D292B20CB8E00B479EE /* HomeApiClient.swift */; };
		88083D2F2B20CB8F00B479EE /* HomeView.swift in Sources */ = {isa = PBXBuildFile; fileRef = 88083D2A2B20CB8F00B479EE /* HomeView.swift */; };
		88083D302B20CB8F00B479EE /* HomeWireframe.swift in Sources */ = {isa = PBXBuildFile; fileRef = 88083D2B2B20CB8F00B479EE /* HomeWireframe.swift */; };
		88083D322B20CB9600B479EE /* MoviesResponse.swift in Sources */ = {isa = PBXBuildFile; fileRef = 88083D312B20CB9600B479EE /* MoviesResponse.swift */; };
		88083D382B20CBA200B479EE /* ProfileWireframe.swift in Sources */ = {isa = PBXBuildFile; fileRef = 88083D332B20CBA100B479EE /* ProfileWireframe.swift */; };
		88083D392B20CBA200B479EE /* ProfileView.swift in Sources */ = {isa = PBXBuildFile; fileRef = 88083D342B20CBA100B479EE /* ProfileView.swift */; };
		88083D3A2B20CBA200B479EE /* ProfileAPIClient.swift in Sources */ = {isa = PBXBuildFile; fileRef = 88083D352B20CBA100B479EE /* ProfileAPIClient.swift */; };
		88083D3B2B20CBA200B479EE /* ProfileDataManager.swift in Sources */ = {isa = PBXBuildFile; fileRef = 88083D362B20CBA200B479EE /* ProfileDataManager.swift */; };
		88083D3C2B20CBA200B479EE /* ProfileViewModel.swift in Sources */ = {isa = PBXBuildFile; fileRef = 88083D372B20CBA200B479EE /* ProfileViewModel.swift */; };
		88083D3F2B20CBC400B479EE /* Alamofire in Frameworks */ = {isa = PBXBuildFile; productRef = 88083D3E2B20CBC400B479EE /* Alamofire */; };
/* End PBXBuildFile section */

/* Begin PBXContainerItemProxy section */
		88083CEE2B20C76C00B479EE /* PBXContainerItemProxy */ = {
			isa = PBXContainerItemProxy;
			containerPortal = 88083CD52B20C76A00B479EE /* Project object */;
			proxyType = 1;
			remoteGlobalIDString = 88083CDC2B20C76A00B479EE;
			remoteInfo = FilmFlow;
		};
		88083CF82B20C76C00B479EE /* PBXContainerItemProxy */ = {
			isa = PBXContainerItemProxy;
			containerPortal = 88083CD52B20C76A00B479EE /* Project object */;
			proxyType = 1;
			remoteGlobalIDString = 88083CDC2B20C76A00B479EE;
			remoteInfo = FilmFlow;
		};
/* End PBXContainerItemProxy section */

/* Begin PBXFileReference section */
		88083CDD2B20C76A00B479EE /* FilmFlow.app */ = {isa = PBXFileReference; explicitFileType = wrapper.application; includeInIndex = 0; path = FilmFlow.app; sourceTree = BUILT_PRODUCTS_DIR; };
		88083CE02B20C76A00B479EE /* FilmFlowApp.swift */ = {isa = PBXFileReference; lastKnownFileType = sourcecode.swift; path = FilmFlowApp.swift; sourceTree = "<group>"; };
		88083CE22B20C76A00B479EE /* ContentView.swift */ = {isa = PBXFileReference; lastKnownFileType = sourcecode.swift; path = ContentView.swift; sourceTree = "<group>"; };
		88083CE42B20C76C00B479EE /* Assets.xcassets */ = {isa = PBXFileReference; lastKnownFileType = folder.assetcatalog; path = Assets.xcassets; sourceTree = "<group>"; };
		88083CE72B20C76C00B479EE /* Preview Assets.xcassets */ = {isa = PBXFileReference; lastKnownFileType = folder.assetcatalog; path = "Preview Assets.xcassets"; sourceTree = "<group>"; };
		88083CED2B20C76C00B479EE /* FilmFlowTests.xctest */ = {isa = PBXFileReference; explicitFileType = wrapper.cfbundle; includeInIndex = 0; path = FilmFlowTests.xctest; sourceTree = BUILT_PRODUCTS_DIR; };
		88083CF12B20C76C00B479EE /* FilmFlowTests.swift */ = {isa = PBXFileReference; lastKnownFileType = sourcecode.swift; path = FilmFlowTests.swift; sourceTree = "<group>"; };
		88083CF72B20C76C00B479EE /* FilmFlowUITests.xctest */ = {isa = PBXFileReference; explicitFileType = wrapper.cfbundle; includeInIndex = 0; path = FilmFlowUITests.xctest; sourceTree = BUILT_PRODUCTS_DIR; };
		88083CFB2B20C76C00B479EE /* FilmFlowUITests.swift */ = {isa = PBXFileReference; lastKnownFileType = sourcecode.swift; path = FilmFlowUITests.swift; sourceTree = "<group>"; };
		88083CFD2B20C76C00B479EE /* FilmFlowUITestsLaunchTests.swift */ = {isa = PBXFileReference; lastKnownFileType = sourcecode.swift; path = FilmFlowUITestsLaunchTests.swift; sourceTree = "<group>"; };
		88083D272B20CB8E00B479EE /* HomeViewModel.swift */ = {isa = PBXFileReference; fileEncoding = 4; lastKnownFileType = sourcecode.swift; path = HomeViewModel.swift; sourceTree = "<group>"; };
		88083D282B20CB8E00B479EE /* HomeDataManager.swift */ = {isa = PBXFileReference; fileEncoding = 4; lastKnownFileType = sourcecode.swift; path = HomeDataManager.swift; sourceTree = "<group>"; };
		88083D292B20CB8E00B479EE /* HomeApiClient.swift */ = {isa = PBXFileReference; fileEncoding = 4; lastKnownFileType = sourcecode.swift; path = HomeApiClient.swift; sourceTree = "<group>"; };
		88083D2A2B20CB8F00B479EE /* HomeView.swift */ = {isa = PBXFileReference; fileEncoding = 4; lastKnownFileType = sourcecode.swift; path = HomeView.swift; sourceTree = "<group>"; };
		88083D2B2B20CB8F00B479EE /* HomeWireframe.swift */ = {isa = PBXFileReference; fileEncoding = 4; lastKnownFileType = sourcecode.swift; path = HomeWireframe.swift; sourceTree = "<group>"; };
		88083D312B20CB9600B479EE /* MoviesResponse.swift */ = {isa = PBXFileReference; fileEncoding = 4; lastKnownFileType = sourcecode.swift; path = MoviesResponse.swift; sourceTree = "<group>"; };
		88083D332B20CBA100B479EE /* ProfileWireframe.swift */ = {isa = PBXFileReference; fileEncoding = 4; lastKnownFileType = sourcecode.swift; path = ProfileWireframe.swift; sourceTree = "<group>"; };
		88083D342B20CBA100B479EE /* ProfileView.swift */ = {isa = PBXFileReference; fileEncoding = 4; lastKnownFileType = sourcecode.swift; path = ProfileView.swift; sourceTree = "<group>"; };
		88083D352B20CBA100B479EE /* ProfileAPIClient.swift */ = {isa = PBXFileReference; fileEncoding = 4; lastKnownFileType = sourcecode.swift; path = ProfileAPIClient.swift; sourceTree = "<group>"; };
		88083D362B20CBA200B479EE /* ProfileDataManager.swift */ = {isa = PBXFileReference; fileEncoding = 4; lastKnownFileType = sourcecode.swift; path = ProfileDataManager.swift; sourceTree = "<group>"; };
		88083D372B20CBA200B479EE /* ProfileViewModel.swift */ = {isa = PBXFileReference; fileEncoding = 4; lastKnownFileType = sourcecode.swift; path = ProfileViewModel.swift; sourceTree = "<group>"; };
/* End PBXFileReference section */

/* Begin PBXFrameworksBuildPhase section */
		88083CDA2B20C76A00B479EE /* Frameworks */ = {
			isa = PBXFrameworksBuildPhase;
			buildActionMask = 2147483647;
			files = (
				88083D3F2B20CBC400B479EE /* Alamofire in Frameworks */,
			);
			runOnlyForDeploymentPostprocessing = 0;
		};
		88083CEA2B20C76C00B479EE /* Frameworks */ = {
			isa = PBXFrameworksBuildPhase;
			buildActionMask = 2147483647;
			files = (
			);
			runOnlyForDeploymentPostprocessing = 0;
		};
		88083CF42B20C76C00B479EE /* Frameworks */ = {
			isa = PBXFrameworksBuildPhase;
			buildActionMask = 2147483647;
			files = (
			);
			runOnlyForDeploymentPostprocessing = 0;
		};
/* End PBXFrameworksBuildPhase section */

/* Begin PBXGroup section */
		88083CD42B20C76A00B479EE = {
			isa = PBXGroup;
			children = (
				88083CDF2B20C76A00B479EE /* FilmFlow */,
				88083CF02B20C76C00B479EE /* FilmFlowTests */,
				88083CFA2B20C76C00B479EE /* FilmFlowUITests */,
				88083CDE2B20C76A00B479EE /* Products */,
			);
			sourceTree = "<group>";
		};
		88083CDE2B20C76A00B479EE /* Products */ = {
			isa = PBXGroup;
			children = (
				88083CDD2B20C76A00B479EE /* FilmFlow.app */,
				88083CED2B20C76C00B479EE /* FilmFlowTests.xctest */,
				88083CF72B20C76C00B479EE /* FilmFlowUITests.xctest */,
			);
			name = Products;
			sourceTree = "<group>";
		};
		88083CDF2B20C76A00B479EE /* FilmFlow */ = {
			isa = PBXGroup;
			children = (
				88083D102B20C95200B479EE /* Modules */,
				88083D0A2B20C7ED00B479EE /* Common */,
				88083D0C2B20C7FC00B479EE /* Base */,
				88083D0B2B20C7F500B479EE /* Navigation */,
				88083CE02B20C76A00B479EE /* FilmFlowApp.swift */,
				88083CE22B20C76A00B479EE /* ContentView.swift */,
				88083CE42B20C76C00B479EE /* Assets.xcassets */,
				88083CE62B20C76C00B479EE /* Preview Content */,
			);
			path = FilmFlow;
			sourceTree = "<group>";
		};
		88083CE62B20C76C00B479EE /* Preview Content */ = {
			isa = PBXGroup;
			children = (
				88083CE72B20C76C00B479EE /* Preview Assets.xcassets */,
			);
			path = "Preview Content";
			sourceTree = "<group>";
		};
		88083CF02B20C76C00B479EE /* FilmFlowTests */ = {
			isa = PBXGroup;
			children = (
				88083CF12B20C76C00B479EE /* FilmFlowTests.swift */,
			);
			path = FilmFlowTests;
			sourceTree = "<group>";
		};
		88083CFA2B20C76C00B479EE /* FilmFlowUITests */ = {
			isa = PBXGroup;
			children = (
				88083CFB2B20C76C00B479EE /* FilmFlowUITests.swift */,
				88083CFD2B20C76C00B479EE /* FilmFlowUITestsLaunchTests.swift */,
			);
			path = FilmFlowUITests;
			sourceTree = "<group>";
		};
		88083D0A2B20C7ED00B479EE /* Common */ = {
			isa = PBXGroup;
			children = (
			);
			path = Common;
			sourceTree = "<group>";
		};
		88083D0B2B20C7F500B479EE /* Navigation */ = {
			isa = PBXGroup;
			children = (
			);
			path = Navigation;
			sourceTree = "<group>";
		};
		88083D0C2B20C7FC00B479EE /* Base */ = {
			isa = PBXGroup;
			children = (
			);
			path = Base;
			sourceTree = "<group>";
		};
		88083D102B20C95200B479EE /* Modules */ = {
			isa = PBXGroup;
			children = (
				88083D172B20CAA600B479EE /* Profile */,
				88083D162B20CAA100B479EE /* Home */,
			);
			path = Modules;
			sourceTree = "<group>";
		};
		88083D162B20CAA100B479EE /* Home */ = {
			isa = PBXGroup;
			children = (
				88083D292B20CB8E00B479EE /* HomeApiClient.swift */,
				88083D282B20CB8E00B479EE /* HomeDataManager.swift */,
				88083D2A2B20CB8F00B479EE /* HomeView.swift */,
				88083D272B20CB8E00B479EE /* HomeViewModel.swift */,
				88083D2B2B20CB8F00B479EE /* HomeWireframe.swift */,
				88083D1A2B20CAC300B479EE /* Model */,
			);
			path = Home;
			sourceTree = "<group>";
		};
		88083D172B20CAA600B479EE /* Profile */ = {
			isa = PBXGroup;
			children = (
				88083D352B20CBA100B479EE /* ProfileAPIClient.swift */,
				88083D362B20CBA200B479EE /* ProfileDataManager.swift */,
				88083D342B20CBA100B479EE /* ProfileView.swift */,
				88083D372B20CBA200B479EE /* ProfileViewModel.swift */,
				88083D332B20CBA100B479EE /* ProfileWireframe.swift */,
			);
			path = Profile;
			sourceTree = "<group>";
		};
		88083D1A2B20CAC300B479EE /* Model */ = {
			isa = PBXGroup;
			children = (
				88083D312B20CB9600B479EE /* MoviesResponse.swift */,
			);
			path = Model;
			sourceTree = "<group>";
		};
/* End PBXGroup section */

/* Begin PBXNativeTarget section */
		88083CDC2B20C76A00B479EE /* FilmFlow */ = {
			isa = PBXNativeTarget;
			buildConfigurationList = 88083D012B20C76C00B479EE /* Build configuration list for PBXNativeTarget "FilmFlow" */;
			buildPhases = (
				88083CD92B20C76A00B479EE /* Sources */,
				88083CDA2B20C76A00B479EE /* Frameworks */,
				88083CDB2B20C76A00B479EE /* Resources */,
			);
			buildRules = (
			);
			dependencies = (
			);
			name = FilmFlow;
			packageProductDependencies = (
				88083D3E2B20CBC400B479EE /* Alamofire */,
			);
			productName = FilmFlow;
			productReference = 88083CDD2B20C76A00B479EE /* FilmFlow.app */;
			productType = "com.apple.product-type.application";
		};
		88083CEC2B20C76C00B479EE /* FilmFlowTests */ = {
			isa = PBXNativeTarget;
			buildConfigurationList = 88083D042B20C76C00B479EE /* Build configuration list for PBXNativeTarget "FilmFlowTests" */;
			buildPhases = (
				88083CE92B20C76C00B479EE /* Sources */,
				88083CEA2B20C76C00B479EE /* Frameworks */,
				88083CEB2B20C76C00B479EE /* Resources */,
			);
			buildRules = (
			);
			dependencies = (
				88083CEF2B20C76C00B479EE /* PBXTargetDependency */,
			);
			name = FilmFlowTests;
			productName = FilmFlowTests;
			productReference = 88083CED2B20C76C00B479EE /* FilmFlowTests.xctest */;
			productType = "com.apple.product-type.bundle.unit-test";
		};
		88083CF62B20C76C00B479EE /* FilmFlowUITests */ = {
			isa = PBXNativeTarget;
			buildConfigurationList = 88083D072B20C76C00B479EE /* Build configuration list for PBXNativeTarget "FilmFlowUITests" */;
			buildPhases = (
				88083CF32B20C76C00B479EE /* Sources */,
				88083CF42B20C76C00B479EE /* Frameworks */,
				88083CF52B20C76C00B479EE /* Resources */,
			);
			buildRules = (
			);
			dependencies = (
				88083CF92B20C76C00B479EE /* PBXTargetDependency */,
			);
			name = FilmFlowUITests;
			productName = FilmFlowUITests;
			productReference = 88083CF72B20C76C00B479EE /* FilmFlowUITests.xctest */;
			productType = "com.apple.product-type.bundle.ui-testing";
		};
/* End PBXNativeTarget section */

/* Begin PBXProject section */
		88083CD52B20C76A00B479EE /* Project object */ = {
			isa = PBXProject;
			attributes = {
				BuildIndependentTargetsInParallel = 1;
				LastSwiftUpdateCheck = 1430;
				LastUpgradeCheck = 1430;
				TargetAttributes = {
					88083CDC2B20C76A00B479EE = {
						CreatedOnToolsVersion = 14.3.1;
					};
					88083CEC2B20C76C00B479EE = {
						CreatedOnToolsVersion = 14.3.1;
						TestTargetID = 88083CDC2B20C76A00B479EE;
					};
					88083CF62B20C76C00B479EE = {
						CreatedOnToolsVersion = 14.3.1;
						TestTargetID = 88083CDC2B20C76A00B479EE;
					};
				};
			};
			buildConfigurationList = 88083CD82B20C76A00B479EE /* Build configuration list for PBXProject "FilmFlow" */;
			compatibilityVersion = "Xcode 14.0";
			developmentRegion = en;
			hasScannedForEncodings = 0;
			knownRegions = (
				en,
				Base,
			);
			mainGroup = 88083CD42B20C76A00B479EE;
			packageReferences = (
				88083D3D2B20CBC400B479EE /* XCRemoteSwiftPackageReference "Alamofire" */,
			);
			productRefGroup = 88083CDE2B20C76A00B479EE /* Products */;
			projectDirPath = "";
			projectRoot = "";
			targets = (
				88083CDC2B20C76A00B479EE /* FilmFlow */,
				88083CEC2B20C76C00B479EE /* FilmFlowTests */,
				88083CF62B20C76C00B479EE /* FilmFlowUITests */,
			);
		};
/* End PBXProject section */

/* Begin PBXResourcesBuildPhase section */
		88083CDB2B20C76A00B479EE /* Resources */ = {
			isa = PBXResourcesBuildPhase;
			buildActionMask = 2147483647;
			files = (
				88083CE82B20C76C00B479EE /* Preview Assets.xcassets in Resources */,
				88083CE52B20C76C00B479EE /* Assets.xcassets in Resources */,
			);
			runOnlyForDeploymentPostprocessing = 0;
		};
		88083CEB2B20C76C00B479EE /* Resources */ = {
			isa = PBXResourcesBuildPhase;
			buildActionMask = 2147483647;
			files = (
			);
			runOnlyForDeploymentPostprocessing = 0;
		};
		88083CF52B20C76C00B479EE /* Resources */ = {
			isa = PBXResourcesBuildPhase;
			buildActionMask = 2147483647;
			files = (
			);
			runOnlyForDeploymentPostprocessing = 0;
		};
/* End PBXResourcesBuildPhase section */

/* Begin PBXSourcesBuildPhase section */
		88083CD92B20C76A00B479EE /* Sources */ = {
			isa = PBXSourcesBuildPhase;
			buildActionMask = 2147483647;
			files = (
				88083CE32B20C76A00B479EE /* ContentView.swift in Sources */,
				88083D322B20CB9600B479EE /* MoviesResponse.swift in Sources */,
				88083D392B20CBA200B479EE /* ProfileView.swift in Sources */,
				88083D2E2B20CB8F00B479EE /* HomeApiClient.swift in Sources */,
				88083D382B20CBA200B479EE /* ProfileWireframe.swift in Sources */,
				88083D3B2B20CBA200B479EE /* ProfileDataManager.swift in Sources */,
				88083D2C2B20CB8F00B479EE /* HomeViewModel.swift in Sources */,
				88083D302B20CB8F00B479EE /* HomeWireframe.swift in Sources */,
				88083D3A2B20CBA200B479EE /* ProfileAPIClient.swift in Sources */,
				88083D2F2B20CB8F00B479EE /* HomeView.swift in Sources */,
				88083D3C2B20CBA200B479EE /* ProfileViewModel.swift in Sources */,
				88083D2D2B20CB8F00B479EE /* HomeDataManager.swift in Sources */,
				88083CE12B20C76A00B479EE /* FilmFlowApp.swift in Sources */,
			);
			runOnlyForDeploymentPostprocessing = 0;
		};
		88083CE92B20C76C00B479EE /* Sources */ = {
			isa = PBXSourcesBuildPhase;
			buildActionMask = 2147483647;
			files = (
				88083CF22B20C76C00B479EE /* FilmFlowTests.swift in Sources */,
			);
			runOnlyForDeploymentPostprocessing = 0;
		};
		88083CF32B20C76C00B479EE /* Sources */ = {
			isa = PBXSourcesBuildPhase;
			buildActionMask = 2147483647;
			files = (
				88083CFE2B20C76C00B479EE /* FilmFlowUITestsLaunchTests.swift in Sources */,
				88083CFC2B20C76C00B479EE /* FilmFlowUITests.swift in Sources */,
			);
			runOnlyForDeploymentPostprocessing = 0;
		};
/* End PBXSourcesBuildPhase section */

/* Begin PBXTargetDependency section */
		88083CEF2B20C76C00B479EE /* PBXTargetDependency */ = {
			isa = PBXTargetDependency;
			target = 88083CDC2B20C76A00B479EE /* FilmFlow */;
			targetProxy = 88083CEE2B20C76C00B479EE /* PBXContainerItemProxy */;
		};
		88083CF92B20C76C00B479EE /* PBXTargetDependency */ = {
			isa = PBXTargetDependency;
			target = 88083CDC2B20C76A00B479EE /* FilmFlow */;
			targetProxy = 88083CF82B20C76C00B479EE /* PBXContainerItemProxy */;
		};
/* End PBXTargetDependency section */

/* Begin XCBuildConfiguration section */
		88083CFF2B20C76C00B479EE /* Debug */ = {
			isa = XCBuildConfiguration;
			buildSettings = {
				ALWAYS_SEARCH_USER_PATHS = NO;
				CLANG_ANALYZER_NONNULL = YES;
				CLANG_ANALYZER_NUMBER_OBJECT_CONVERSION = YES_AGGRESSIVE;
				CLANG_CXX_LANGUAGE_STANDARD = "gnu++20";
				CLANG_ENABLE_MODULES = YES;
				CLANG_ENABLE_OBJC_ARC = YES;
				CLANG_ENABLE_OBJC_WEAK = YES;
				CLANG_WARN_BLOCK_CAPTURE_AUTORELEASING = YES;
				CLANG_WARN_BOOL_CONVERSION = YES;
				CLANG_WARN_COMMA = YES;
				CLANG_WARN_CONSTANT_CONVERSION = YES;
				CLANG_WARN_DEPRECATED_OBJC_IMPLEMENTATIONS = YES;
				CLANG_WARN_DIRECT_OBJC_ISA_USAGE = YES_ERROR;
				CLANG_WARN_DOCUMENTATION_COMMENTS = YES;
				CLANG_WARN_EMPTY_BODY = YES;
				CLANG_WARN_ENUM_CONVERSION = YES;
				CLANG_WARN_INFINITE_RECURSION = YES;
				CLANG_WARN_INT_CONVERSION = YES;
				CLANG_WARN_NON_LITERAL_NULL_CONVERSION = YES;
				CLANG_WARN_OBJC_IMPLICIT_RETAIN_SELF = YES;
				CLANG_WARN_OBJC_LITERAL_CONVERSION = YES;
				CLANG_WARN_OBJC_ROOT_CLASS = YES_ERROR;
				CLANG_WARN_QUOTED_INCLUDE_IN_FRAMEWORK_HEADER = YES;
				CLANG_WARN_RANGE_LOOP_ANALYSIS = YES;
				CLANG_WARN_STRICT_PROTOTYPES = YES;
				CLANG_WARN_SUSPICIOUS_MOVE = YES;
				CLANG_WARN_UNGUARDED_AVAILABILITY = YES_AGGRESSIVE;
				CLANG_WARN_UNREACHABLE_CODE = YES;
				CLANG_WARN__DUPLICATE_METHOD_MATCH = YES;
				COPY_PHASE_STRIP = NO;
				DEBUG_INFORMATION_FORMAT = dwarf;
				ENABLE_STRICT_OBJC_MSGSEND = YES;
				ENABLE_TESTABILITY = YES;
				GCC_C_LANGUAGE_STANDARD = gnu11;
				GCC_DYNAMIC_NO_PIC = NO;
				GCC_NO_COMMON_BLOCKS = YES;
				GCC_OPTIMIZATION_LEVEL = 0;
				GCC_PREPROCESSOR_DEFINITIONS = (
					"DEBUG=1",
					"$(inherited)",
				);
				GCC_WARN_64_TO_32_BIT_CONVERSION = YES;
				GCC_WARN_ABOUT_RETURN_TYPE = YES_ERROR;
				GCC_WARN_UNDECLARED_SELECTOR = YES;
				GCC_WARN_UNINITIALIZED_AUTOS = YES_AGGRESSIVE;
				GCC_WARN_UNUSED_FUNCTION = YES;
				GCC_WARN_UNUSED_VARIABLE = YES;
				IPHONEOS_DEPLOYMENT_TARGET = 16.4;
				MTL_ENABLE_DEBUG_INFO = INCLUDE_SOURCE;
				MTL_FAST_MATH = YES;
				ONLY_ACTIVE_ARCH = YES;
				SDKROOT = iphoneos;
				SWIFT_ACTIVE_COMPILATION_CONDITIONS = DEBUG;
				SWIFT_OPTIMIZATION_LEVEL = "-Onone";
			};
			name = Debug;
		};
		88083D002B20C76C00B479EE /* Release */ = {
			isa = XCBuildConfiguration;
			buildSettings = {
				ALWAYS_SEARCH_USER_PATHS = NO;
				CLANG_ANALYZER_NONNULL = YES;
				CLANG_ANALYZER_NUMBER_OBJECT_CONVERSION = YES_AGGRESSIVE;
				CLANG_CXX_LANGUAGE_STANDARD = "gnu++20";
				CLANG_ENABLE_MODULES = YES;
				CLANG_ENABLE_OBJC_ARC = YES;
				CLANG_ENABLE_OBJC_WEAK = YES;
				CLANG_WARN_BLOCK_CAPTURE_AUTORELEASING = YES;
				CLANG_WARN_BOOL_CONVERSION = YES;
				CLANG_WARN_COMMA = YES;
				CLANG_WARN_CONSTANT_CONVERSION = YES;
				CLANG_WARN_DEPRECATED_OBJC_IMPLEMENTATIONS = YES;
				CLANG_WARN_DIRECT_OBJC_ISA_USAGE = YES_ERROR;
				CLANG_WARN_DOCUMENTATION_COMMENTS = YES;
				CLANG_WARN_EMPTY_BODY = YES;
				CLANG_WARN_ENUM_CONVERSION = YES;
				CLANG_WARN_INFINITE_RECURSION = YES;
				CLANG_WARN_INT_CONVERSION = YES;
				CLANG_WARN_NON_LITERAL_NULL_CONVERSION = YES;
				CLANG_WARN_OBJC_IMPLICIT_RETAIN_SELF = YES;
				CLANG_WARN_OBJC_LITERAL_CONVERSION = YES;
				CLANG_WARN_OBJC_ROOT_CLASS = YES_ERROR;
				CLANG_WARN_QUOTED_INCLUDE_IN_FRAMEWORK_HEADER = YES;
				CLANG_WARN_RANGE_LOOP_ANALYSIS = YES;
				CLANG_WARN_STRICT_PROTOTYPES = YES;
				CLANG_WARN_SUSPICIOUS_MOVE = YES;
				CLANG_WARN_UNGUARDED_AVAILABILITY = YES_AGGRESSIVE;
				CLANG_WARN_UNREACHABLE_CODE = YES;
				CLANG_WARN__DUPLICATE_METHOD_MATCH = YES;
				COPY_PHASE_STRIP = NO;
				DEBUG_INFORMATION_FORMAT = "dwarf-with-dsym";
				ENABLE_NS_ASSERTIONS = NO;
				ENABLE_STRICT_OBJC_MSGSEND = YES;
				GCC_C_LANGUAGE_STANDARD = gnu11;
				GCC_NO_COMMON_BLOCKS = YES;
				GCC_WARN_64_TO_32_BIT_CONVERSION = YES;
				GCC_WARN_ABOUT_RETURN_TYPE = YES_ERROR;
				GCC_WARN_UNDECLARED_SELECTOR = YES;
				GCC_WARN_UNINITIALIZED_AUTOS = YES_AGGRESSIVE;
				GCC_WARN_UNUSED_FUNCTION = YES;
				GCC_WARN_UNUSED_VARIABLE = YES;
				IPHONEOS_DEPLOYMENT_TARGET = 16.4;
				MTL_ENABLE_DEBUG_INFO = NO;
				MTL_FAST_MATH = YES;
				SDKROOT = iphoneos;
				SWIFT_COMPILATION_MODE = wholemodule;
				SWIFT_OPTIMIZATION_LEVEL = "-O";
				VALIDATE_PRODUCT = YES;
			};
			name = Release;
		};
		88083D022B20C76C00B479EE /* Debug */ = {
			isa = XCBuildConfiguration;
			buildSettings = {
				ASSETCATALOG_COMPILER_APPICON_NAME = AppIcon;
				ASSETCATALOG_COMPILER_GLOBAL_ACCENT_COLOR_NAME = AccentColor;
				CODE_SIGN_STYLE = Automatic;
				CURRENT_PROJECT_VERSION = 1;
				DEVELOPMENT_ASSET_PATHS = "\"FilmFlow/Preview Content\"";
				ENABLE_PREVIEWS = YES;
				GENERATE_INFOPLIST_FILE = YES;
				INFOPLIST_KEY_UIApplicationSceneManifest_Generation = YES;
				INFOPLIST_KEY_UIApplicationSupportsIndirectInputEvents = YES;
				INFOPLIST_KEY_UILaunchScreen_Generation = YES;
				INFOPLIST_KEY_UISupportedInterfaceOrientations_iPad = "UIInterfaceOrientationPortrait UIInterfaceOrientationPortraitUpsideDown UIInterfaceOrientationLandscapeLeft UIInterfaceOrientationLandscapeRight";
				INFOPLIST_KEY_UISupportedInterfaceOrientations_iPhone = "UIInterfaceOrientationPortrait UIInterfaceOrientationLandscapeLeft UIInterfaceOrientationLandscapeRight";
				LD_RUNPATH_SEARCH_PATHS = (
					"$(inherited)",
					"@executable_path/Frameworks",
				);
				MARKETING_VERSION = 1.0;
				PRODUCT_BUNDLE_IDENTIFIER = app.FilmFlow;
				PRODUCT_NAME = "$(TARGET_NAME)";
				SWIFT_EMIT_LOC_STRINGS = YES;
				SWIFT_VERSION = 5.0;
				TARGETED_DEVICE_FAMILY = "1,2";
			};
			name = Debug;
		};
		88083D032B20C76C00B479EE /* Release */ = {
			isa = XCBuildConfiguration;
			buildSettings = {
				ASSETCATALOG_COMPILER_APPICON_NAME = AppIcon;
				ASSETCATALOG_COMPILER_GLOBAL_ACCENT_COLOR_NAME = AccentColor;
				CODE_SIGN_STYLE = Automatic;
				CURRENT_PROJECT_VERSION = 1;
				DEVELOPMENT_ASSET_PATHS = "\"FilmFlow/Preview Content\"";
				ENABLE_PREVIEWS = YES;
				GENERATE_INFOPLIST_FILE = YES;
				INFOPLIST_KEY_UIApplicationSceneManifest_Generation = YES;
				INFOPLIST_KEY_UIApplicationSupportsIndirectInputEvents = YES;
				INFOPLIST_KEY_UILaunchScreen_Generation = YES;
				INFOPLIST_KEY_UISupportedInterfaceOrientations_iPad = "UIInterfaceOrientationPortrait UIInterfaceOrientationPortraitUpsideDown UIInterfaceOrientationLandscapeLeft UIInterfaceOrientationLandscapeRight";
				INFOPLIST_KEY_UISupportedInterfaceOrientations_iPhone = "UIInterfaceOrientationPortrait UIInterfaceOrientationLandscapeLeft UIInterfaceOrientationLandscapeRight";
				LD_RUNPATH_SEARCH_PATHS = (
					"$(inherited)",
					"@executable_path/Frameworks",
				);
				MARKETING_VERSION = 1.0;
				PRODUCT_BUNDLE_IDENTIFIER = app.FilmFlow;
				PRODUCT_NAME = "$(TARGET_NAME)";
				SWIFT_EMIT_LOC_STRINGS = YES;
				SWIFT_VERSION = 5.0;
				TARGETED_DEVICE_FAMILY = "1,2";
			};
			name = Release;
		};
		88083D052B20C76C00B479EE /* Debug */ = {
			isa = XCBuildConfiguration;
			buildSettings = {
				ALWAYS_EMBED_SWIFT_STANDARD_LIBRARIES = YES;
				BUNDLE_LOADER = "$(TEST_HOST)";
				CODE_SIGN_STYLE = Automatic;
				CURRENT_PROJECT_VERSION = 1;
				GENERATE_INFOPLIST_FILE = YES;
				IPHONEOS_DEPLOYMENT_TARGET = 16.4;
				MARKETING_VERSION = 1.0;
				PRODUCT_BUNDLE_IDENTIFIER = app.FilmFlowTests;
				PRODUCT_NAME = "$(TARGET_NAME)";
				SWIFT_EMIT_LOC_STRINGS = NO;
				SWIFT_VERSION = 5.0;
				TARGETED_DEVICE_FAMILY = "1,2";
				TEST_HOST = "$(BUILT_PRODUCTS_DIR)/FilmFlow.app/$(BUNDLE_EXECUTABLE_FOLDER_PATH)/FilmFlow";
			};
			name = Debug;
		};
		88083D062B20C76C00B479EE /* Release */ = {
			isa = XCBuildConfiguration;
			buildSettings = {
				ALWAYS_EMBED_SWIFT_STANDARD_LIBRARIES = YES;
				BUNDLE_LOADER = "$(TEST_HOST)";
				CODE_SIGN_STYLE = Automatic;
				CURRENT_PROJECT_VERSION = 1;
				GENERATE_INFOPLIST_FILE = YES;
				IPHONEOS_DEPLOYMENT_TARGET = 16.4;
				MARKETING_VERSION = 1.0;
				PRODUCT_BUNDLE_IDENTIFIER = app.FilmFlowTests;
				PRODUCT_NAME = "$(TARGET_NAME)";
				SWIFT_EMIT_LOC_STRINGS = NO;
				SWIFT_VERSION = 5.0;
				TARGETED_DEVICE_FAMILY = "1,2";
				TEST_HOST = "$(BUILT_PRODUCTS_DIR)/FilmFlow.app/$(BUNDLE_EXECUTABLE_FOLDER_PATH)/FilmFlow";
			};
			name = Release;
		};
		88083D082B20C76C00B479EE /* Debug */ = {
			isa = XCBuildConfiguration;
			buildSettings = {
				ALWAYS_EMBED_SWIFT_STANDARD_LIBRARIES = YES;
				CODE_SIGN_STYLE = Automatic;
				CURRENT_PROJECT_VERSION = 1;
				GENERATE_INFOPLIST_FILE = YES;
				MARKETING_VERSION = 1.0;
				PRODUCT_BUNDLE_IDENTIFIER = app.FilmFlowUITests;
				PRODUCT_NAME = "$(TARGET_NAME)";
				SWIFT_EMIT_LOC_STRINGS = NO;
				SWIFT_VERSION = 5.0;
				TARGETED_DEVICE_FAMILY = "1,2";
				TEST_TARGET_NAME = FilmFlow;
			};
			name = Debug;
		};
		88083D092B20C76C00B479EE /* Release */ = {
			isa = XCBuildConfiguration;
			buildSettings = {
				ALWAYS_EMBED_SWIFT_STANDARD_LIBRARIES = YES;
				CODE_SIGN_STYLE = Automatic;
				CURRENT_PROJECT_VERSION = 1;
				GENERATE_INFOPLIST_FILE = YES;
				MARKETING_VERSION = 1.0;
				PRODUCT_BUNDLE_IDENTIFIER = app.FilmFlowUITests;
				PRODUCT_NAME = "$(TARGET_NAME)";
				SWIFT_EMIT_LOC_STRINGS = NO;
				SWIFT_VERSION = 5.0;
				TARGETED_DEVICE_FAMILY = "1,2";
				TEST_TARGET_NAME = FilmFlow;
			};
			name = Release;
		};
/* End XCBuildConfiguration section */

/* Begin XCConfigurationList section */
		88083CD82B20C76A00B479EE /* Build configuration list for PBXProject "FilmFlow" */ = {
			isa = XCConfigurationList;
			buildConfigurations = (
				88083CFF2B20C76C00B479EE /* Debug */,
				88083D002B20C76C00B479EE /* Release */,
			);
			defaultConfigurationIsVisible = 0;
			defaultConfigurationName = Release;
		};
		88083D012B20C76C00B479EE /* Build configuration list for PBXNativeTarget "FilmFlow" */ = {
			isa = XCConfigurationList;
			buildConfigurations = (
				88083D022B20C76C00B479EE /* Debug */,
				88083D032B20C76C00B479EE /* Release */,
			);
			defaultConfigurationIsVisible = 0;
			defaultConfigurationName = Release;
		};
		88083D042B20C76C00B479EE /* Build configuration list for PBXNativeTarget "FilmFlowTests" */ = {
			isa = XCConfigurationList;
			buildConfigurations = (
				88083D052B20C76C00B479EE /* Debug */,
				88083D062B20C76C00B479EE /* Release */,
			);
			defaultConfigurationIsVisible = 0;
			defaultConfigurationName = Release;
		};
		88083D072B20C76C00B479EE /* Build configuration list for PBXNativeTarget "FilmFlowUITests" */ = {
			isa = XCConfigurationList;
			buildConfigurations = (
				88083D082B20C76C00B479EE /* Debug */,
				88083D092B20C76C00B479EE /* Release */,
			);
			defaultConfigurationIsVisible = 0;
			defaultConfigurationName = Release;
		};
/* End XCConfigurationList section */

/* Begin XCRemoteSwiftPackageReference section */
		88083D3D2B20CBC400B479EE /* XCRemoteSwiftPackageReference "Alamofire" */ = {
			isa = XCRemoteSwiftPackageReference;
			repositoryURL = "https://github.com/Alamofire/Alamofire.git";
			requirement = {
				kind = upToNextMajorVersion;
				minimumVersion = 5.8.0;
			};
		};
/* End XCRemoteSwiftPackageReference section */

/* Begin XCSwiftPackageProductDependency section */
		88083D3E2B20CBC400B479EE /* Alamofire */ = {
			isa = XCSwiftPackageProductDependency;
			package = 88083D3D2B20CBC400B479EE /* XCRemoteSwiftPackageReference "Alamofire" */;
			productName = Alamofire;
		};
/* End XCSwiftPackageProductDependency section */
	};
	rootObject = 88083CD52B20C76A00B479EE /* Project object */;
}
